// !$*UTF8*$!
{
	archiveVersion = 1;
	classes = {
	};
	objectVersion = 50;
	objects = {

/* Begin PBXBuildFile section */
		03B7D3FFB031FC6F04F4A5D7 /* Pods_ExposureStreamrootIntegration_iOS.framework in Frameworks */ = {isa = PBXBuildFile; fileRef = 3F16728E1B956F075A8D2A23 /* Pods_ExposureStreamrootIntegration_iOS.framework */; };
		45CBC34336DB461AB928204F /* Pods_ExposureStreamrootIntegrationTests.framework in Frameworks */ = {isa = PBXBuildFile; fileRef = 926CD0449F7D744D181B2618 /* Pods_ExposureStreamrootIntegrationTests.framework */; };
		6CA524400096E51413F7BBD8 /* Pods_StreamrootIntegrationApp.framework in Frameworks */ = {isa = PBXBuildFile; fileRef = ED6A7C37803B1F0DF97DB2C6 /* Pods_StreamrootIntegrationApp.framework */; };
		7683FC53214A3FFE0005149E /* Nimble.framework in Frameworks */ = {isa = PBXBuildFile; fileRef = 7683FC52214A3FFE0005149E /* Nimble.framework */; };
		7683FC55214A3FFE0005149E /* Quick.framework in Frameworks */ = {isa = PBXBuildFile; fileRef = 7683FC54214A3FFE0005149E /* Quick.framework */; };
		7683FC57214A400F0005149E /* Nimble.framework in Frameworks */ = {isa = PBXBuildFile; fileRef = 7683FC56214A400F0005149E /* Nimble.framework */; };
		7683FC59214A400F0005149E /* Quick.framework in Frameworks */ = {isa = PBXBuildFile; fileRef = 7683FC58214A400F0005149E /* Quick.framework */; };
		7683FC5B214A40350005149E /* StreamrootPlayableSpec.swift in Sources */ = {isa = PBXBuildFile; fileRef = 7683FC5A214A40350005149E /* StreamrootPlayableSpec.swift */; };
		7683FC5C214A40350005149E /* StreamrootPlayableSpec.swift in Sources */ = {isa = PBXBuildFile; fileRef = 7683FC5A214A40350005149E /* StreamrootPlayableSpec.swift */; };
		7683FC5E214A457F0005149E /* PlaybackEntitlement+Extensions.swift in Sources */ = {isa = PBXBuildFile; fileRef = 7683FC5D214A457F0005149E /* PlaybackEntitlement+Extensions.swift */; };
		7683FC5F214A457F0005149E /* PlaybackEntitlement+Extensions.swift in Sources */ = {isa = PBXBuildFile; fileRef = 7683FC5D214A457F0005149E /* PlaybackEntitlement+Extensions.swift */; };
		7683FC61214A45E40005149E /* Dictionary+Extensions.swift in Sources */ = {isa = PBXBuildFile; fileRef = 7683FC60214A45E40005149E /* Dictionary+Extensions.swift */; };
		7683FC62214A45E40005149E /* Dictionary+Extensions.swift in Sources */ = {isa = PBXBuildFile; fileRef = 7683FC60214A45E40005149E /* Dictionary+Extensions.swift */; };
		7683FC64214A801C0005149E /* StreamrootAssetSourceSpec.swift in Sources */ = {isa = PBXBuildFile; fileRef = 7683FC63214A801C0005149E /* StreamrootAssetSourceSpec.swift */; };
		7683FC65214A801C0005149E /* StreamrootAssetSourceSpec.swift in Sources */ = {isa = PBXBuildFile; fileRef = 7683FC63214A801C0005149E /* StreamrootAssetSourceSpec.swift */; };
		7683FC88214AA8990005149E /* Main.storyboard in Resources */ = {isa = PBXBuildFile; fileRef = 7683FC86214AA8990005149E /* Main.storyboard */; };
		7683FC8A214AA89B0005149E /* Assets.xcassets in Resources */ = {isa = PBXBuildFile; fileRef = 7683FC89214AA89B0005149E /* Assets.xcassets */; };
		7683FC8D214AA89B0005149E /* LaunchScreen.storyboard in Resources */ = {isa = PBXBuildFile; fileRef = 7683FC8B214AA89B0005149E /* LaunchScreen.storyboard */; };
		7683FC92214AA9D90005149E /* ExposureStreamrootIntegration.framework in Frameworks */ = {isa = PBXBuildFile; fileRef = 76AFFED42146844D00402BA2 /* ExposureStreamrootIntegration.framework */; };
		7683FC93214AA9D90005149E /* ExposureStreamrootIntegration.framework in Embed Frameworks */ = {isa = PBXBuildFile; fileRef = 76AFFED42146844D00402BA2 /* ExposureStreamrootIntegration.framework */; settings = {ATTRIBUTES = (CodeSignOnCopy, RemoveHeadersOnCopy, ); }; };
		7683FC97214AA9D90005149E /* ExposurePlayback.framework in Frameworks */ = {isa = PBXBuildFile; fileRef = 7683FC96214AA9D90005149E /* ExposurePlayback.framework */; };
		7683FC98214AA9D90005149E /* ExposurePlayback.framework in Embed Frameworks */ = {isa = PBXBuildFile; fileRef = 7683FC96214AA9D90005149E /* ExposurePlayback.framework */; settings = {ATTRIBUTES = (CodeSignOnCopy, RemoveHeadersOnCopy, ); }; };
		7683FC9A214AA9D90005149E /* Player.framework in Frameworks */ = {isa = PBXBuildFile; fileRef = 7683FC99214AA9D90005149E /* Player.framework */; };
		7683FC9B214AA9D90005149E /* Player.framework in Embed Frameworks */ = {isa = PBXBuildFile; fileRef = 7683FC99214AA9D90005149E /* Player.framework */; settings = {ATTRIBUTES = (CodeSignOnCopy, RemoveHeadersOnCopy, ); }; };
		7683FC9D214AA9D90005149E /* Exposure.framework in Frameworks */ = {isa = PBXBuildFile; fileRef = 7683FC9C214AA9D90005149E /* Exposure.framework */; };
		7683FC9E214AA9D90005149E /* Exposure.framework in Embed Frameworks */ = {isa = PBXBuildFile; fileRef = 7683FC9C214AA9D90005149E /* Exposure.framework */; settings = {ATTRIBUTES = (CodeSignOnCopy, RemoveHeadersOnCopy, ); }; };
		7683FCA7214AD5120005149E /* PlayerViewController.xib in Resources */ = {isa = PBXBuildFile; fileRef = 7683FCA5214AD5120005149E /* PlayerViewController.xib */; };
		7683FCAA214AD8120005149E /* StreamrootSource.swift in Sources */ = {isa = PBXBuildFile; fileRef = 7683FCA8214AD7AA0005149E /* StreamrootSource.swift */; };
		7683FCAB214AD8120005149E /* StreamrootSource.swift in Sources */ = {isa = PBXBuildFile; fileRef = 7683FCA8214AD7AA0005149E /* StreamrootSource.swift */; };
		7683FCC5214F9CBA0005149E /* Main-tvOS.storyboard in Resources */ = {isa = PBXBuildFile; fileRef = 7683FCC3214F9CBA0005149E /* Main-tvOS.storyboard */; };
		7683FCCC214F9E880005149E /* ExposureStreamrootIntegration.framework in Frameworks */ = {isa = PBXBuildFile; fileRef = 76AFFF2C2147B3B100402BA2 /* ExposureStreamrootIntegration.framework */; };
		7683FCCD214F9E880005149E /* ExposureStreamrootIntegration.framework in Embed Frameworks */ = {isa = PBXBuildFile; fileRef = 76AFFF2C2147B3B100402BA2 /* ExposureStreamrootIntegration.framework */; settings = {ATTRIBUTES = (CodeSignOnCopy, RemoveHeadersOnCopy, ); }; };
		7683FCD1214F9E880005149E /* ExposurePlayback.framework in Frameworks */ = {isa = PBXBuildFile; fileRef = 7683FCD0214F9E880005149E /* ExposurePlayback.framework */; };
		7683FCD2214F9E880005149E /* ExposurePlayback.framework in Embed Frameworks */ = {isa = PBXBuildFile; fileRef = 7683FCD0214F9E880005149E /* ExposurePlayback.framework */; settings = {ATTRIBUTES = (CodeSignOnCopy, RemoveHeadersOnCopy, ); }; };
		7683FCD4214F9E880005149E /* Player.framework in Frameworks */ = {isa = PBXBuildFile; fileRef = 7683FCD3214F9E880005149E /* Player.framework */; };
		7683FCD5214F9E880005149E /* Player.framework in Embed Frameworks */ = {isa = PBXBuildFile; fileRef = 7683FCD3214F9E880005149E /* Player.framework */; settings = {ATTRIBUTES = (CodeSignOnCopy, RemoveHeadersOnCopy, ); }; };
		7683FCD7214F9E880005149E /* Exposure.framework in Frameworks */ = {isa = PBXBuildFile; fileRef = 7683FCD6214F9E880005149E /* Exposure.framework */; };
		7683FCD8214F9E880005149E /* Exposure.framework in Embed Frameworks */ = {isa = PBXBuildFile; fileRef = 7683FCD6214F9E880005149E /* Exposure.framework */; settings = {ATTRIBUTES = (CodeSignOnCopy, RemoveHeadersOnCopy, ); }; };
		7683FCE4214FA48C0005149E /* Info.plist in Resources */ = {isa = PBXBuildFile; fileRef = 7683FC8E214AA89B0005149E /* Info.plist */; };
		7683FCE8214FBC330005149E /* PlayerViewController-tvOS.xib in Resources */ = {isa = PBXBuildFile; fileRef = 7683FCE7214FBC330005149E /* PlayerViewController-tvOS.xib */; };
		7683FCF3214FBC600005149E /* UIViewController+Extensions.swift in Sources */ = {isa = PBXBuildFile; fileRef = 7683FCEB214FBC600005149E /* UIViewController+Extensions.swift */; };
		7683FCF4214FBC600005149E /* UIViewController+Extensions.swift in Sources */ = {isa = PBXBuildFile; fileRef = 7683FCEB214FBC600005149E /* UIViewController+Extensions.swift */; };
		7683FCF5214FBC600005149E /* Asset+Extensions.swift in Sources */ = {isa = PBXBuildFile; fileRef = 7683FCEC214FBC600005149E /* Asset+Extensions.swift */; };
		7683FCF6214FBC600005149E /* Asset+Extensions.swift in Sources */ = {isa = PBXBuildFile; fileRef = 7683FCEC214FBC600005149E /* Asset+Extensions.swift */; };
		7683FCF7214FBC600005149E /* Program+Extensions.swift in Sources */ = {isa = PBXBuildFile; fileRef = 7683FCED214FBC600005149E /* Program+Extensions.swift */; };
		7683FCF8214FBC600005149E /* Program+Extensions.swift in Sources */ = {isa = PBXBuildFile; fileRef = 7683FCED214FBC600005149E /* Program+Extensions.swift */; };
		7683FCF9214FBC600005149E /* Date+Extensions.swift in Sources */ = {isa = PBXBuildFile; fileRef = 7683FCEE214FBC600005149E /* Date+Extensions.swift */; };
		7683FCFA214FBC600005149E /* Date+Extensions.swift in Sources */ = {isa = PBXBuildFile; fileRef = 7683FCEE214FBC600005149E /* Date+Extensions.swift */; };
		7683FCFB214FBC600005149E /* ListViewController.swift in Sources */ = {isa = PBXBuildFile; fileRef = 7683FCF0214FBC600005149E /* ListViewController.swift */; };
		7683FCFC214FBC600005149E /* ListViewController.swift in Sources */ = {isa = PBXBuildFile; fileRef = 7683FCF0214FBC600005149E /* ListViewController.swift */; };
		7683FCFD214FBC600005149E /* PlayerViewController.swift in Sources */ = {isa = PBXBuildFile; fileRef = 7683FCF1214FBC600005149E /* PlayerViewController.swift */; };
		7683FCFE214FBC600005149E /* PlayerViewController.swift in Sources */ = {isa = PBXBuildFile; fileRef = 7683FCF1214FBC600005149E /* PlayerViewController.swift */; };
		7683FCFF214FBC600005149E /* LoginViewController.swift in Sources */ = {isa = PBXBuildFile; fileRef = 7683FCF2214FBC600005149E /* LoginViewController.swift */; };
		7683FD00214FBC600005149E /* LoginViewController.swift in Sources */ = {isa = PBXBuildFile; fileRef = 7683FCF2214FBC600005149E /* LoginViewController.swift */; };
		7683FD02214FBC910005149E /* AppDelegate.swift in Sources */ = {isa = PBXBuildFile; fileRef = 7683FD01214FBC910005149E /* AppDelegate.swift */; };
		7683FD03214FBC910005149E /* AppDelegate.swift in Sources */ = {isa = PBXBuildFile; fileRef = 7683FD01214FBC910005149E /* AppDelegate.swift */; };
		7684028321513CE40016BE49 /* Assets.xcassets in Resources */ = {isa = PBXBuildFile; fileRef = 7684028221513CE40016BE49 /* Assets.xcassets */; };
		76AFFEDE2146844D00402BA2 /* ExposureStreamrootIntegration.framework in Frameworks */ = {isa = PBXBuildFile; fileRef = 76AFFED42146844D00402BA2 /* ExposureStreamrootIntegration.framework */; };
		76AFFEE32146844D00402BA2 /* ExposureStreamrootIntegrationTests.swift in Sources */ = {isa = PBXBuildFile; fileRef = 76AFFEE22146844D00402BA2 /* ExposureStreamrootIntegrationTests.swift */; };
		76AFFEE52146844D00402BA2 /* ExposureStreamrootIntegration.h in Headers */ = {isa = PBXBuildFile; fileRef = 76AFFED72146844D00402BA2 /* ExposureStreamrootIntegration.h */; settings = {ATTRIBUTES = (Public, ); }; };
		76AFFF352147B3B100402BA2 /* ExposureStreamrootIntegration.framework in Frameworks */ = {isa = PBXBuildFile; fileRef = 76AFFF2C2147B3B100402BA2 /* ExposureStreamrootIntegration.framework */; };
		76AFFF852148140C00402BA2 /* Podfile in Resources */ = {isa = PBXBuildFile; fileRef = 76AFFF842148140C00402BA2 /* Podfile */; };
		76AFFF862148140C00402BA2 /* Podfile in Resources */ = {isa = PBXBuildFile; fileRef = 76AFFF842148140C00402BA2 /* Podfile */; };
		76AFFF882148141600402BA2 /* ExposureStreamrootIntegrationTests.swift in Sources */ = {isa = PBXBuildFile; fileRef = 76AFFEE22146844D00402BA2 /* ExposureStreamrootIntegrationTests.swift */; };
		76B7B111214825AB003514F4 /* StreamrootAssetEntitlementProvider.swift in Sources */ = {isa = PBXBuildFile; fileRef = 76B7B110214825AB003514F4 /* StreamrootAssetEntitlementProvider.swift */; };
		76B7B112214825AB003514F4 /* StreamrootAssetEntitlementProvider.swift in Sources */ = {isa = PBXBuildFile; fileRef = 76B7B110214825AB003514F4 /* StreamrootAssetEntitlementProvider.swift */; };
		76B7B114214825E2003514F4 /* StreamrootIntegrationError.swift in Sources */ = {isa = PBXBuildFile; fileRef = 76B7B113214825E2003514F4 /* StreamrootIntegrationError.swift */; };
		76B7B115214825E2003514F4 /* StreamrootIntegrationError.swift in Sources */ = {isa = PBXBuildFile; fileRef = 76B7B113214825E2003514F4 /* StreamrootIntegrationError.swift */; };
		76B7B1172148260C003514F4 /* StreamrootAssetSource.swift in Sources */ = {isa = PBXBuildFile; fileRef = 76B7B1162148260C003514F4 /* StreamrootAssetSource.swift */; };
		76B7B1182148260C003514F4 /* StreamrootAssetSource.swift in Sources */ = {isa = PBXBuildFile; fileRef = 76B7B1162148260C003514F4 /* StreamrootAssetSource.swift */; };
		76B7B11A214829DA003514F4 /* Exposure.framework in Frameworks */ = {isa = PBXBuildFile; fileRef = 76B7B119214829DA003514F4 /* Exposure.framework */; };
		76B7B11C214829DA003514F4 /* ExposurePlayback.framework in Frameworks */ = {isa = PBXBuildFile; fileRef = 76B7B11B214829DA003514F4 /* ExposurePlayback.framework */; };
		76B7B11E214829DA003514F4 /* Player.framework in Frameworks */ = {isa = PBXBuildFile; fileRef = 76B7B11D214829DA003514F4 /* Player.framework */; };
		76B7B120214829EB003514F4 /* Exposure.framework in Frameworks */ = {isa = PBXBuildFile; fileRef = 76B7B11F214829EB003514F4 /* Exposure.framework */; };
		76B7B122214829EB003514F4 /* ExposurePlayback.framework in Frameworks */ = {isa = PBXBuildFile; fileRef = 76B7B121214829EB003514F4 /* ExposurePlayback.framework */; };
		76B7B124214829EB003514F4 /* Player.framework in Frameworks */ = {isa = PBXBuildFile; fileRef = 76B7B123214829EB003514F4 /* Player.framework */; };
		76B7B12621482A05003514F4 /* Exposure.framework in Frameworks */ = {isa = PBXBuildFile; fileRef = 76B7B12521482A05003514F4 /* Exposure.framework */; };
		76B7B12821482A05003514F4 /* ExposurePlayback.framework in Frameworks */ = {isa = PBXBuildFile; fileRef = 76B7B12721482A05003514F4 /* ExposurePlayback.framework */; };
		76B7B12A21482A05003514F4 /* Player.framework in Frameworks */ = {isa = PBXBuildFile; fileRef = 76B7B12921482A05003514F4 /* Player.framework */; };
		76B7B12C21482A17003514F4 /* Exposure.framework in Frameworks */ = {isa = PBXBuildFile; fileRef = 76B7B12B21482A17003514F4 /* Exposure.framework */; };
		76B7B12E21482A17003514F4 /* ExposurePlayback.framework in Frameworks */ = {isa = PBXBuildFile; fileRef = 76B7B12D21482A17003514F4 /* ExposurePlayback.framework */; };
		76B7B13021482A17003514F4 /* Player.framework in Frameworks */ = {isa = PBXBuildFile; fileRef = 76B7B12F21482A17003514F4 /* Player.framework */; };
		76B7B13B21490DDD003514F4 /* StreamrootChannelSource.swift in Sources */ = {isa = PBXBuildFile; fileRef = 76B7B13A21490DDD003514F4 /* StreamrootChannelSource.swift */; };
		76B7B13C21490DDD003514F4 /* StreamrootChannelSource.swift in Sources */ = {isa = PBXBuildFile; fileRef = 76B7B13A21490DDD003514F4 /* StreamrootChannelSource.swift */; };
		76B7B13E21490E17003514F4 /* StreamrootProgramSource.swift in Sources */ = {isa = PBXBuildFile; fileRef = 76B7B13D21490E17003514F4 /* StreamrootProgramSource.swift */; };
		76B7B13F21490E17003514F4 /* StreamrootProgramSource.swift in Sources */ = {isa = PBXBuildFile; fileRef = 76B7B13D21490E17003514F4 /* StreamrootProgramSource.swift */; };
		76B7B141214910A7003514F4 /* StreamrootChannelEntitlementProvider.swift in Sources */ = {isa = PBXBuildFile; fileRef = 76B7B140214910A7003514F4 /* StreamrootChannelEntitlementProvider.swift */; };
		76B7B142214910A7003514F4 /* StreamrootChannelEntitlementProvider.swift in Sources */ = {isa = PBXBuildFile; fileRef = 76B7B140214910A7003514F4 /* StreamrootChannelEntitlementProvider.swift */; };
		76B7B144214910E2003514F4 /* StreamrootProgramEntitlementProvider.swift in Sources */ = {isa = PBXBuildFile; fileRef = 76B7B143214910E2003514F4 /* StreamrootProgramEntitlementProvider.swift */; };
		76B7B145214910E2003514F4 /* StreamrootProgramEntitlementProvider.swift in Sources */ = {isa = PBXBuildFile; fileRef = 76B7B143214910E2003514F4 /* StreamrootProgramEntitlementProvider.swift */; };
		76B7B14D21493F12003514F4 /* StreamrootPlayable.swift in Sources */ = {isa = PBXBuildFile; fileRef = 76B7B14C21493F12003514F4 /* StreamrootPlayable.swift */; };
		76B7B14E21493F12003514F4 /* StreamrootPlayable.swift in Sources */ = {isa = PBXBuildFile; fileRef = 76B7B14C21493F12003514F4 /* StreamrootPlayable.swift */; };
		7E515780BECB6EBBD18B2DFB /* Pods_ExposureStreamrootIntegration_iOS.framework in Frameworks */ = {isa = PBXBuildFile; fileRef = 7683FC4D21494DA30005149E /* Pods_ExposureStreamrootIntegration_iOS.framework */; };
		A537181184160264CC617865 /* Pods_ExposureStreamrootIntegration_tvOS.framework in Frameworks */ = {isa = PBXBuildFile; fileRef = 7719BE96B44CDD859C575A10 /* Pods_ExposureStreamrootIntegration_tvOS.framework */; };
		C33AB6190C17AFBF8C976A4E /* Pods_StreamrootIntegrationTvOSApp.framework in Frameworks */ = {isa = PBXBuildFile; fileRef = 6D78AD2633F8689814FD8B3C /* Pods_StreamrootIntegrationTvOSApp.framework */; };
		F73FE4E7AF7FBA573F16299F /* Pods_ExposureStreamrootIntegration_tvOSTests.framework in Frameworks */ = {isa = PBXBuildFile; fileRef = 474B7875FAFC60F16878F5FD /* Pods_ExposureStreamrootIntegration_tvOSTests.framework */; };
/* End PBXBuildFile section */

/* Begin PBXContainerItemProxy section */
		7683FC94214AA9D90005149E /* PBXContainerItemProxy */ = {
			isa = PBXContainerItemProxy;
			containerPortal = 76AFFECB2146844C00402BA2 /* Project object */;
			proxyType = 1;
			remoteGlobalIDString = 76AFFED32146844D00402BA2;
			remoteInfo = "ExposureStreamrootIntegration-iOS";
		};
		7683FCCE214F9E880005149E /* PBXContainerItemProxy */ = {
			isa = PBXContainerItemProxy;
			containerPortal = 76AFFECB2146844C00402BA2 /* Project object */;
			proxyType = 1;
			remoteGlobalIDString = 76AFFF2B2147B3B100402BA2;
			remoteInfo = "ExposureStreamrootIntegration-tvOS";
		};
		76AFFEDF2146844D00402BA2 /* PBXContainerItemProxy */ = {
			isa = PBXContainerItemProxy;
			containerPortal = 76AFFECB2146844C00402BA2 /* Project object */;
			proxyType = 1;
			remoteGlobalIDString = 76AFFED32146844D00402BA2;
			remoteInfo = ExposureStreamrootIntegration;
		};
		76AFFF362147B3B100402BA2 /* PBXContainerItemProxy */ = {
			isa = PBXContainerItemProxy;
			containerPortal = 76AFFECB2146844C00402BA2 /* Project object */;
			proxyType = 1;
			remoteGlobalIDString = 76AFFF2B2147B3B100402BA2;
			remoteInfo = "ExposureStreamrootIntegration-tvOS";
		};
/* End PBXContainerItemProxy section */

/* Begin PBXCopyFilesBuildPhase section */
		7683FC9F214AA9D90005149E /* Embed Frameworks */ = {
			isa = PBXCopyFilesBuildPhase;
			buildActionMask = 2147483647;
			dstPath = "";
			dstSubfolderSpec = 10;
			files = (
				7683FC9B214AA9D90005149E /* Player.framework in Embed Frameworks */,
				7683FC9E214AA9D90005149E /* Exposure.framework in Embed Frameworks */,
				7683FC98214AA9D90005149E /* ExposurePlayback.framework in Embed Frameworks */,
				7683FC93214AA9D90005149E /* ExposureStreamrootIntegration.framework in Embed Frameworks */,
			);
			name = "Embed Frameworks";
			runOnlyForDeploymentPostprocessing = 0;
		};
		7683FCD9214F9E880005149E /* Embed Frameworks */ = {
			isa = PBXCopyFilesBuildPhase;
			buildActionMask = 2147483647;
			dstPath = "";
			dstSubfolderSpec = 10;
			files = (
				7683FCD5214F9E880005149E /* Player.framework in Embed Frameworks */,
				7683FCD8214F9E880005149E /* Exposure.framework in Embed Frameworks */,
				7683FCD2214F9E880005149E /* ExposurePlayback.framework in Embed Frameworks */,
				7683FCCD214F9E880005149E /* ExposureStreamrootIntegration.framework in Embed Frameworks */,
			);
			name = "Embed Frameworks";
			runOnlyForDeploymentPostprocessing = 0;
		};
		76AFFF6F2147BA7A00402BA2 /* CopyFiles */ = {
			isa = PBXCopyFilesBuildPhase;
			buildActionMask = 2147483647;
			dstPath = "";
			dstSubfolderSpec = 10;
			files = (
			);
			runOnlyForDeploymentPostprocessing = 0;
		};
		76AFFF802148127300402BA2 /* CopyFiles */ = {
			isa = PBXCopyFilesBuildPhase;
			buildActionMask = 2147483647;
			dstPath = "";
			dstSubfolderSpec = 10;
			files = (
			);
			runOnlyForDeploymentPostprocessing = 0;
		};
/* End PBXCopyFilesBuildPhase section */

/* Begin PBXFileReference section */
		257E6EF52376E9D23D6E2883 /* Pods-ExposureStreamrootIntegration-tvOS.debug.xcconfig */ = {isa = PBXFileReference; includeInIndex = 1; lastKnownFileType = text.xcconfig; name = "Pods-ExposureStreamrootIntegration-tvOS.debug.xcconfig"; path = "Pods/Target Support Files/Pods-ExposureStreamrootIntegration-tvOS/Pods-ExposureStreamrootIntegration-tvOS.debug.xcconfig"; sourceTree = "<group>"; };
		2BA76AC16380FFD9904FB088 /* Pods-ExposureStreamrootIntegration-iOS.release.xcconfig */ = {isa = PBXFileReference; includeInIndex = 1; lastKnownFileType = text.xcconfig; name = "Pods-ExposureStreamrootIntegration-iOS.release.xcconfig"; path = "Pods/Target Support Files/Pods-ExposureStreamrootIntegration-iOS/Pods-ExposureStreamrootIntegration-iOS.release.xcconfig"; sourceTree = "<group>"; };
		33E308929D5F3EFF6FBD454C /* Pods-ExposureStreamrootIntegration-tvOS.release.xcconfig */ = {isa = PBXFileReference; includeInIndex = 1; lastKnownFileType = text.xcconfig; name = "Pods-ExposureStreamrootIntegration-tvOS.release.xcconfig"; path = "Pods/Target Support Files/Pods-ExposureStreamrootIntegration-tvOS/Pods-ExposureStreamrootIntegration-tvOS.release.xcconfig"; sourceTree = "<group>"; };
		3F16728E1B956F075A8D2A23 /* Pods_ExposureStreamrootIntegration_iOS.framework */ = {isa = PBXFileReference; explicitFileType = wrapper.framework; includeInIndex = 0; path = Pods_ExposureStreamrootIntegration_iOS.framework; sourceTree = BUILT_PRODUCTS_DIR; };
		474B7875FAFC60F16878F5FD /* Pods_ExposureStreamrootIntegration_tvOSTests.framework */ = {isa = PBXFileReference; explicitFileType = wrapper.framework; includeInIndex = 0; path = Pods_ExposureStreamrootIntegration_tvOSTests.framework; sourceTree = BUILT_PRODUCTS_DIR; };
		61C71A8D04B679B5474C1EEA /* Pods-StreamrootIntegrationTvOSApp.debug.xcconfig */ = {isa = PBXFileReference; includeInIndex = 1; lastKnownFileType = text.xcconfig; name = "Pods-StreamrootIntegrationTvOSApp.debug.xcconfig"; path = "Pods/Target Support Files/Pods-StreamrootIntegrationTvOSApp/Pods-StreamrootIntegrationTvOSApp.debug.xcconfig"; sourceTree = "<group>"; };
		6D78AD2633F8689814FD8B3C /* Pods_StreamrootIntegrationTvOSApp.framework */ = {isa = PBXFileReference; explicitFileType = wrapper.framework; includeInIndex = 0; path = Pods_StreamrootIntegrationTvOSApp.framework; sourceTree = BUILT_PRODUCTS_DIR; };
		7683FC4D21494DA30005149E /* Pods_ExposureStreamrootIntegration_iOS.framework */ = {isa = PBXFileReference; explicitFileType = wrapper.framework; path = Pods_ExposureStreamrootIntegration_iOS.framework; sourceTree = BUILT_PRODUCTS_DIR; };
		7683FC50214A3EE70005149E /* Cartfile.private */ = {isa = PBXFileReference; lastKnownFileType = text; path = Cartfile.private; sourceTree = SOURCE_ROOT; };
		7683FC51214A3EEF0005149E /* Cartfile.resolved */ = {isa = PBXFileReference; lastKnownFileType = text; path = Cartfile.resolved; sourceTree = SOURCE_ROOT; };
		7683FC52214A3FFE0005149E /* Nimble.framework */ = {isa = PBXFileReference; explicitFileType = wrapper.framework; path = Nimble.framework; sourceTree = BUILT_PRODUCTS_DIR; };
		7683FC54214A3FFE0005149E /* Quick.framework */ = {isa = PBXFileReference; explicitFileType = wrapper.framework; path = Quick.framework; sourceTree = BUILT_PRODUCTS_DIR; };
		7683FC56214A400F0005149E /* Nimble.framework */ = {isa = PBXFileReference; explicitFileType = wrapper.framework; path = Nimble.framework; sourceTree = BUILT_PRODUCTS_DIR; };
		7683FC58214A400F0005149E /* Quick.framework */ = {isa = PBXFileReference; explicitFileType = wrapper.framework; path = Quick.framework; sourceTree = BUILT_PRODUCTS_DIR; };
		7683FC5A214A40350005149E /* StreamrootPlayableSpec.swift */ = {isa = PBXFileReference; lastKnownFileType = sourcecode.swift; path = StreamrootPlayableSpec.swift; sourceTree = "<group>"; };
		7683FC5D214A457F0005149E /* PlaybackEntitlement+Extensions.swift */ = {isa = PBXFileReference; lastKnownFileType = sourcecode.swift; path = "PlaybackEntitlement+Extensions.swift"; sourceTree = "<group>"; };
		7683FC60214A45E40005149E /* Dictionary+Extensions.swift */ = {isa = PBXFileReference; lastKnownFileType = sourcecode.swift; path = "Dictionary+Extensions.swift"; sourceTree = "<group>"; };
		7683FC63214A801C0005149E /* StreamrootAssetSourceSpec.swift */ = {isa = PBXFileReference; lastKnownFileType = sourcecode.swift; path = StreamrootAssetSourceSpec.swift; sourceTree = "<group>"; };
		7683FC80214AA8990005149E /* StreamrootIntegrationApp.app */ = {isa = PBXFileReference; explicitFileType = wrapper.application; includeInIndex = 0; path = StreamrootIntegrationApp.app; sourceTree = BUILT_PRODUCTS_DIR; };
		7683FC87214AA8990005149E /* Base */ = {isa = PBXFileReference; lastKnownFileType = file.storyboard; name = Base; path = Base.lproj/Main.storyboard; sourceTree = "<group>"; };
		7683FC89214AA89B0005149E /* Assets.xcassets */ = {isa = PBXFileReference; lastKnownFileType = folder.assetcatalog; name = Assets.xcassets; path = ../Assets.xcassets; sourceTree = "<group>"; };
		7683FC8C214AA89B0005149E /* Base */ = {isa = PBXFileReference; lastKnownFileType = file.storyboard; name = Base; path = Base.lproj/LaunchScreen.storyboard; sourceTree = "<group>"; };
		7683FC8E214AA89B0005149E /* Info.plist */ = {isa = PBXFileReference; lastKnownFileType = text.plist.xml; path = Info.plist; sourceTree = "<group>"; };
		7683FC96214AA9D90005149E /* ExposurePlayback.framework */ = {isa = PBXFileReference; explicitFileType = wrapper.framework; path = ExposurePlayback.framework; sourceTree = BUILT_PRODUCTS_DIR; };
		7683FC99214AA9D90005149E /* Player.framework */ = {isa = PBXFileReference; explicitFileType = wrapper.framework; path = Player.framework; sourceTree = BUILT_PRODUCTS_DIR; };
		7683FC9C214AA9D90005149E /* Exposure.framework */ = {isa = PBXFileReference; explicitFileType = wrapper.framework; path = Exposure.framework; sourceTree = BUILT_PRODUCTS_DIR; };
		7683FCA5214AD5120005149E /* PlayerViewController.xib */ = {isa = PBXFileReference; lastKnownFileType = file.xib; path = PlayerViewController.xib; sourceTree = "<group>"; };
		7683FCA8214AD7AA0005149E /* StreamrootSource.swift */ = {isa = PBXFileReference; lastKnownFileType = sourcecode.swift; path = StreamrootSource.swift; sourceTree = "<group>"; };
		7683FCBD214F9CBA0005149E /* StreamrootIntegrationTvOSApp.app */ = {isa = PBXFileReference; explicitFileType = wrapper.application; includeInIndex = 0; path = StreamrootIntegrationTvOSApp.app; sourceTree = BUILT_PRODUCTS_DIR; };
		7683FCC4214F9CBA0005149E /* Base */ = {isa = PBXFileReference; lastKnownFileType = file.storyboard; name = Base; path = "Base.lproj/Main-tvOS.storyboard"; sourceTree = "<group>"; };
		7683FCC8214F9CBB0005149E /* Info.plist */ = {isa = PBXFileReference; lastKnownFileType = text.plist.xml; path = Info.plist; sourceTree = "<group>"; };
		7683FCD0214F9E880005149E /* ExposurePlayback.framework */ = {isa = PBXFileReference; explicitFileType = wrapper.framework; path = ExposurePlayback.framework; sourceTree = BUILT_PRODUCTS_DIR; };
		7683FCD3214F9E880005149E /* Player.framework */ = {isa = PBXFileReference; explicitFileType = wrapper.framework; path = Player.framework; sourceTree = BUILT_PRODUCTS_DIR; };
		7683FCD6214F9E880005149E /* Exposure.framework */ = {isa = PBXFileReference; explicitFileType = wrapper.framework; path = Exposure.framework; sourceTree = BUILT_PRODUCTS_DIR; };
		7683FCE7214FBC330005149E /* PlayerViewController-tvOS.xib */ = {isa = PBXFileReference; fileEncoding = 4; lastKnownFileType = file.xib; path = "PlayerViewController-tvOS.xib"; sourceTree = "<group>"; };
		7683FCEB214FBC600005149E /* UIViewController+Extensions.swift */ = {isa = PBXFileReference; fileEncoding = 4; lastKnownFileType = sourcecode.swift; path = "UIViewController+Extensions.swift"; sourceTree = "<group>"; };
		7683FCEC214FBC600005149E /* Asset+Extensions.swift */ = {isa = PBXFileReference; fileEncoding = 4; lastKnownFileType = sourcecode.swift; path = "Asset+Extensions.swift"; sourceTree = "<group>"; };
		7683FCED214FBC600005149E /* Program+Extensions.swift */ = {isa = PBXFileReference; fileEncoding = 4; lastKnownFileType = sourcecode.swift; path = "Program+Extensions.swift"; sourceTree = "<group>"; };
		7683FCEE214FBC600005149E /* Date+Extensions.swift */ = {isa = PBXFileReference; fileEncoding = 4; lastKnownFileType = sourcecode.swift; path = "Date+Extensions.swift"; sourceTree = "<group>"; };
		7683FCF0214FBC600005149E /* ListViewController.swift */ = {isa = PBXFileReference; fileEncoding = 4; lastKnownFileType = sourcecode.swift; path = ListViewController.swift; sourceTree = "<group>"; };
		7683FCF1214FBC600005149E /* PlayerViewController.swift */ = {isa = PBXFileReference; fileEncoding = 4; lastKnownFileType = sourcecode.swift; path = PlayerViewController.swift; sourceTree = "<group>"; };
		7683FCF2214FBC600005149E /* LoginViewController.swift */ = {isa = PBXFileReference; fileEncoding = 4; lastKnownFileType = sourcecode.swift; path = LoginViewController.swift; sourceTree = "<group>"; };
		7683FD01214FBC910005149E /* AppDelegate.swift */ = {isa = PBXFileReference; fileEncoding = 4; lastKnownFileType = sourcecode.swift; path = AppDelegate.swift; sourceTree = "<group>"; };
		7684028221513CE40016BE49 /* Assets.xcassets */ = {isa = PBXFileReference; lastKnownFileType = folder.assetcatalog; path = Assets.xcassets; sourceTree = "<group>"; };
		76AFFED42146844D00402BA2 /* ExposureStreamrootIntegration.framework */ = {isa = PBXFileReference; explicitFileType = wrapper.framework; includeInIndex = 0; path = ExposureStreamrootIntegration.framework; sourceTree = BUILT_PRODUCTS_DIR; };
		76AFFED72146844D00402BA2 /* ExposureStreamrootIntegration.h */ = {isa = PBXFileReference; lastKnownFileType = sourcecode.c.h; path = ExposureStreamrootIntegration.h; sourceTree = "<group>"; };
		76AFFED82146844D00402BA2 /* Info.plist */ = {isa = PBXFileReference; lastKnownFileType = text.plist.xml; path = Info.plist; sourceTree = "<group>"; };
		76AFFEDD2146844D00402BA2 /* ExposureStreamrootIntegrationTests.xctest */ = {isa = PBXFileReference; explicitFileType = wrapper.cfbundle; includeInIndex = 0; path = ExposureStreamrootIntegrationTests.xctest; sourceTree = BUILT_PRODUCTS_DIR; };
		76AFFEE22146844D00402BA2 /* ExposureStreamrootIntegrationTests.swift */ = {isa = PBXFileReference; lastKnownFileType = sourcecode.swift; path = ExposureStreamrootIntegrationTests.swift; sourceTree = "<group>"; };
		76AFFEE42146844D00402BA2 /* Info.plist */ = {isa = PBXFileReference; lastKnownFileType = text.plist.xml; path = Info.plist; sourceTree = "<group>"; };
		76AFFEEE2146866100402BA2 /* CHANGELOG.md */ = {isa = PBXFileReference; fileEncoding = 4; lastKnownFileType = net.daringfireball.markdown; path = CHANGELOG.md; sourceTree = SOURCE_ROOT; };
		76AFFEEF2146866100402BA2 /* UPGRADE_GUIDE.md */ = {isa = PBXFileReference; fileEncoding = 4; lastKnownFileType = net.daringfireball.markdown; path = UPGRADE_GUIDE.md; sourceTree = SOURCE_ROOT; };
		76AFFEF02146866100402BA2 /* LICENSE */ = {isa = PBXFileReference; fileEncoding = 4; lastKnownFileType = text; path = LICENSE; sourceTree = SOURCE_ROOT; };
		76AFFEF12146866100402BA2 /* README.md */ = {isa = PBXFileReference; fileEncoding = 4; lastKnownFileType = net.daringfireball.markdown; path = README.md; sourceTree = SOURCE_ROOT; };
		76AFFEF22146866100402BA2 /* KNOWN_LIMITATIONS.md */ = {isa = PBXFileReference; fileEncoding = 4; lastKnownFileType = net.daringfireball.markdown; path = KNOWN_LIMITATIONS.md; sourceTree = SOURCE_ROOT; };
		76AFFEF921468A7700402BA2 /* Appfile */ = {isa = PBXFileReference; fileEncoding = 4; lastKnownFileType = text; path = Appfile; sourceTree = "<group>"; };
		76AFFEFA21468A7700402BA2 /* Fastfile */ = {isa = PBXFileReference; fileEncoding = 4; lastKnownFileType = text; path = Fastfile; sourceTree = "<group>"; xcLanguageSpecificationIdentifier = xcode.lang.ruby; };
		76AFFEFB21468A7700402BA2 /* .env */ = {isa = PBXFileReference; fileEncoding = 4; lastKnownFileType = text; path = .env; sourceTree = "<group>"; };
		76AFFEFD21468A7700402BA2 /* update_dependency_graph.rb */ = {isa = PBXFileReference; fileEncoding = 4; lastKnownFileType = text.script.ruby; path = update_dependency_graph.rb; sourceTree = "<group>"; };
		76AFFEFE21468A7700402BA2 /* Cartfile */ = {isa = PBXFileReference; fileEncoding = 4; lastKnownFileType = text; path = Cartfile; sourceTree = SOURCE_ROOT; };
		76AFFF2C2147B3B100402BA2 /* ExposureStreamrootIntegration.framework */ = {isa = PBXFileReference; explicitFileType = wrapper.framework; includeInIndex = 0; path = ExposureStreamrootIntegration.framework; sourceTree = BUILT_PRODUCTS_DIR; };
		76AFFF342147B3B100402BA2 /* ExposureStreamrootIntegration-tvOSTests.xctest */ = {isa = PBXFileReference; explicitFileType = wrapper.cfbundle; includeInIndex = 0; path = "ExposureStreamrootIntegration-tvOSTests.xctest"; sourceTree = BUILT_PRODUCTS_DIR; };
		76AFFF842148140C00402BA2 /* Podfile */ = {isa = PBXFileReference; fileEncoding = 4; lastKnownFileType = text; path = Podfile; sourceTree = SOURCE_ROOT; xcLanguageSpecificationIdentifier = xcode.lang.ruby; };
		76B7B110214825AB003514F4 /* StreamrootAssetEntitlementProvider.swift */ = {isa = PBXFileReference; lastKnownFileType = sourcecode.swift; path = StreamrootAssetEntitlementProvider.swift; sourceTree = "<group>"; };
		76B7B113214825E2003514F4 /* StreamrootIntegrationError.swift */ = {isa = PBXFileReference; lastKnownFileType = sourcecode.swift; path = StreamrootIntegrationError.swift; sourceTree = "<group>"; };
		76B7B1162148260C003514F4 /* StreamrootAssetSource.swift */ = {isa = PBXFileReference; lastKnownFileType = sourcecode.swift; path = StreamrootAssetSource.swift; sourceTree = "<group>"; };
		76B7B119214829DA003514F4 /* Exposure.framework */ = {isa = PBXFileReference; explicitFileType = wrapper.framework; path = Exposure.framework; sourceTree = BUILT_PRODUCTS_DIR; };
		76B7B11B214829DA003514F4 /* ExposurePlayback.framework */ = {isa = PBXFileReference; explicitFileType = wrapper.framework; path = ExposurePlayback.framework; sourceTree = BUILT_PRODUCTS_DIR; };
		76B7B11D214829DA003514F4 /* Player.framework */ = {isa = PBXFileReference; explicitFileType = wrapper.framework; path = Player.framework; sourceTree = BUILT_PRODUCTS_DIR; };
		76B7B11F214829EB003514F4 /* Exposure.framework */ = {isa = PBXFileReference; explicitFileType = wrapper.framework; path = Exposure.framework; sourceTree = BUILT_PRODUCTS_DIR; };
		76B7B121214829EB003514F4 /* ExposurePlayback.framework */ = {isa = PBXFileReference; explicitFileType = wrapper.framework; path = ExposurePlayback.framework; sourceTree = BUILT_PRODUCTS_DIR; };
		76B7B123214829EB003514F4 /* Player.framework */ = {isa = PBXFileReference; explicitFileType = wrapper.framework; path = Player.framework; sourceTree = BUILT_PRODUCTS_DIR; };
		76B7B12521482A05003514F4 /* Exposure.framework */ = {isa = PBXFileReference; explicitFileType = wrapper.framework; path = Exposure.framework; sourceTree = BUILT_PRODUCTS_DIR; };
		76B7B12721482A05003514F4 /* ExposurePlayback.framework */ = {isa = PBXFileReference; explicitFileType = wrapper.framework; path = ExposurePlayback.framework; sourceTree = BUILT_PRODUCTS_DIR; };
		76B7B12921482A05003514F4 /* Player.framework */ = {isa = PBXFileReference; explicitFileType = wrapper.framework; path = Player.framework; sourceTree = BUILT_PRODUCTS_DIR; };
		76B7B12B21482A17003514F4 /* Exposure.framework */ = {isa = PBXFileReference; explicitFileType = wrapper.framework; path = Exposure.framework; sourceTree = BUILT_PRODUCTS_DIR; };
		76B7B12D21482A17003514F4 /* ExposurePlayback.framework */ = {isa = PBXFileReference; explicitFileType = wrapper.framework; path = ExposurePlayback.framework; sourceTree = BUILT_PRODUCTS_DIR; };
		76B7B12F21482A17003514F4 /* Player.framework */ = {isa = PBXFileReference; explicitFileType = wrapper.framework; path = Player.framework; sourceTree = BUILT_PRODUCTS_DIR; };
		76B7B13A21490DDD003514F4 /* StreamrootChannelSource.swift */ = {isa = PBXFileReference; lastKnownFileType = sourcecode.swift; path = StreamrootChannelSource.swift; sourceTree = "<group>"; };
		76B7B13D21490E17003514F4 /* StreamrootProgramSource.swift */ = {isa = PBXFileReference; lastKnownFileType = sourcecode.swift; path = StreamrootProgramSource.swift; sourceTree = "<group>"; };
		76B7B140214910A7003514F4 /* StreamrootChannelEntitlementProvider.swift */ = {isa = PBXFileReference; lastKnownFileType = sourcecode.swift; path = StreamrootChannelEntitlementProvider.swift; sourceTree = "<group>"; };
		76B7B143214910E2003514F4 /* StreamrootProgramEntitlementProvider.swift */ = {isa = PBXFileReference; lastKnownFileType = sourcecode.swift; path = StreamrootProgramEntitlementProvider.swift; sourceTree = "<group>"; };
		76B7B14C21493F12003514F4 /* StreamrootPlayable.swift */ = {isa = PBXFileReference; lastKnownFileType = sourcecode.swift; path = StreamrootPlayable.swift; sourceTree = "<group>"; };
		7719BE96B44CDD859C575A10 /* Pods_ExposureStreamrootIntegration_tvOS.framework */ = {isa = PBXFileReference; explicitFileType = wrapper.framework; includeInIndex = 0; path = Pods_ExposureStreamrootIntegration_tvOS.framework; sourceTree = BUILT_PRODUCTS_DIR; };
		926CD0449F7D744D181B2618 /* Pods_ExposureStreamrootIntegrationTests.framework */ = {isa = PBXFileReference; explicitFileType = wrapper.framework; includeInIndex = 0; path = Pods_ExposureStreamrootIntegrationTests.framework; sourceTree = BUILT_PRODUCTS_DIR; };
		A91666A165876A43C1F43B01 /* Pods-StreamrootIntegrationTvOSApp.release.xcconfig */ = {isa = PBXFileReference; includeInIndex = 1; lastKnownFileType = text.xcconfig; name = "Pods-StreamrootIntegrationTvOSApp.release.xcconfig"; path = "Pods/Target Support Files/Pods-StreamrootIntegrationTvOSApp/Pods-StreamrootIntegrationTvOSApp.release.xcconfig"; sourceTree = "<group>"; };
		AF53D2C9A4642950640ABEA8 /* Pods-ExposureStreamrootIntegrationTests.debug.xcconfig */ = {isa = PBXFileReference; includeInIndex = 1; lastKnownFileType = text.xcconfig; name = "Pods-ExposureStreamrootIntegrationTests.debug.xcconfig"; path = "Pods/Target Support Files/Pods-ExposureStreamrootIntegrationTests/Pods-ExposureStreamrootIntegrationTests.debug.xcconfig"; sourceTree = "<group>"; };
		B6D16FA79B6CB73EC58971A4 /* Pods-ExposureStreamrootIntegration-tvOSTests.debug.xcconfig */ = {isa = PBXFileReference; includeInIndex = 1; lastKnownFileType = text.xcconfig; name = "Pods-ExposureStreamrootIntegration-tvOSTests.debug.xcconfig"; path = "Pods/Target Support Files/Pods-ExposureStreamrootIntegration-tvOSTests/Pods-ExposureStreamrootIntegration-tvOSTests.debug.xcconfig"; sourceTree = "<group>"; };
		C509EB9DE37796280E8FF976 /* Pods-ExposureStreamrootIntegration-iOS.debug.xcconfig */ = {isa = PBXFileReference; includeInIndex = 1; lastKnownFileType = text.xcconfig; name = "Pods-ExposureStreamrootIntegration-iOS.debug.xcconfig"; path = "Pods/Target Support Files/Pods-ExposureStreamrootIntegration-iOS/Pods-ExposureStreamrootIntegration-iOS.debug.xcconfig"; sourceTree = "<group>"; };
		D7F55090A52C6B194A72E6EC /* Pods-StreamrootIntegrationApp.debug.xcconfig */ = {isa = PBXFileReference; includeInIndex = 1; lastKnownFileType = text.xcconfig; name = "Pods-StreamrootIntegrationApp.debug.xcconfig"; path = "Pods/Target Support Files/Pods-StreamrootIntegrationApp/Pods-StreamrootIntegrationApp.debug.xcconfig"; sourceTree = "<group>"; };
		D97CDE65AED154CD17B98C75 /* Pods-StreamrootIntegrationApp.release.xcconfig */ = {isa = PBXFileReference; includeInIndex = 1; lastKnownFileType = text.xcconfig; name = "Pods-StreamrootIntegrationApp.release.xcconfig"; path = "Pods/Target Support Files/Pods-StreamrootIntegrationApp/Pods-StreamrootIntegrationApp.release.xcconfig"; sourceTree = "<group>"; };
		E0730DA2100673F68BB731C3 /* Pods-ExposureStreamrootIntegration-tvOSTests.release.xcconfig */ = {isa = PBXFileReference; includeInIndex = 1; lastKnownFileType = text.xcconfig; name = "Pods-ExposureStreamrootIntegration-tvOSTests.release.xcconfig"; path = "Pods/Target Support Files/Pods-ExposureStreamrootIntegration-tvOSTests/Pods-ExposureStreamrootIntegration-tvOSTests.release.xcconfig"; sourceTree = "<group>"; };
		ED6A7C37803B1F0DF97DB2C6 /* Pods_StreamrootIntegrationApp.framework */ = {isa = PBXFileReference; explicitFileType = wrapper.framework; includeInIndex = 0; path = Pods_StreamrootIntegrationApp.framework; sourceTree = BUILT_PRODUCTS_DIR; };
		FE431737E8B05AC021FCDCCE /* Pods-ExposureStreamrootIntegrationTests.release.xcconfig */ = {isa = PBXFileReference; includeInIndex = 1; lastKnownFileType = text.xcconfig; name = "Pods-ExposureStreamrootIntegrationTests.release.xcconfig"; path = "Pods/Target Support Files/Pods-ExposureStreamrootIntegrationTests/Pods-ExposureStreamrootIntegrationTests.release.xcconfig"; sourceTree = "<group>"; };
/* End PBXFileReference section */

/* Begin PBXFrameworksBuildPhase section */
		7683FC7D214AA8990005149E /* Frameworks */ = {
			isa = PBXFrameworksBuildPhase;
			buildActionMask = 2147483647;
			files = (
				7683FC97214AA9D90005149E /* ExposurePlayback.framework in Frameworks */,
				7683FC9D214AA9D90005149E /* Exposure.framework in Frameworks */,
				7683FC9A214AA9D90005149E /* Player.framework in Frameworks */,
				7683FC92214AA9D90005149E /* ExposureStreamrootIntegration.framework in Frameworks */,
				6CA524400096E51413F7BBD8 /* Pods_StreamrootIntegrationApp.framework in Frameworks */,
			);
			runOnlyForDeploymentPostprocessing = 0;
		};
		7683FCBA214F9CBA0005149E /* Frameworks */ = {
			isa = PBXFrameworksBuildPhase;
			buildActionMask = 2147483647;
			files = (
				7683FCD1214F9E880005149E /* ExposurePlayback.framework in Frameworks */,
				7683FCD7214F9E880005149E /* Exposure.framework in Frameworks */,
				7683FCD4214F9E880005149E /* Player.framework in Frameworks */,
				7683FCCC214F9E880005149E /* ExposureStreamrootIntegration.framework in Frameworks */,
				C33AB6190C17AFBF8C976A4E /* Pods_StreamrootIntegrationTvOSApp.framework in Frameworks */,
			);
			runOnlyForDeploymentPostprocessing = 0;
		};
		76AFFED02146844D00402BA2 /* Frameworks */ = {
			isa = PBXFrameworksBuildPhase;
			buildActionMask = 2147483647;
			files = (
				76B7B11A214829DA003514F4 /* Exposure.framework in Frameworks */,
				76B7B11C214829DA003514F4 /* ExposurePlayback.framework in Frameworks */,
				76B7B11E214829DA003514F4 /* Player.framework in Frameworks */,
				03B7D3FFB031FC6F04F4A5D7 /* Pods_ExposureStreamrootIntegration_iOS.framework in Frameworks */,
				7E515780BECB6EBBD18B2DFB /* Pods_ExposureStreamrootIntegration_iOS.framework in Frameworks */,
			);
			runOnlyForDeploymentPostprocessing = 0;
		};
		76AFFEDA2146844D00402BA2 /* Frameworks */ = {
			isa = PBXFrameworksBuildPhase;
			buildActionMask = 2147483647;
			files = (
				7683FC53214A3FFE0005149E /* Nimble.framework in Frameworks */,
				7683FC55214A3FFE0005149E /* Quick.framework in Frameworks */,
				76B7B120214829EB003514F4 /* Exposure.framework in Frameworks */,
				76B7B122214829EB003514F4 /* ExposurePlayback.framework in Frameworks */,
				76B7B124214829EB003514F4 /* Player.framework in Frameworks */,
				76AFFEDE2146844D00402BA2 /* ExposureStreamrootIntegration.framework in Frameworks */,
				45CBC34336DB461AB928204F /* Pods_ExposureStreamrootIntegrationTests.framework in Frameworks */,
			);
			runOnlyForDeploymentPostprocessing = 0;
		};
		76AFFF282147B3B100402BA2 /* Frameworks */ = {
			isa = PBXFrameworksBuildPhase;
			buildActionMask = 2147483647;
			files = (
				76B7B12621482A05003514F4 /* Exposure.framework in Frameworks */,
				76B7B12821482A05003514F4 /* ExposurePlayback.framework in Frameworks */,
				76B7B12A21482A05003514F4 /* Player.framework in Frameworks */,
				A537181184160264CC617865 /* Pods_ExposureStreamrootIntegration_tvOS.framework in Frameworks */,
			);
			runOnlyForDeploymentPostprocessing = 0;
		};
		76AFFF312147B3B100402BA2 /* Frameworks */ = {
			isa = PBXFrameworksBuildPhase;
			buildActionMask = 2147483647;
			files = (
				7683FC57214A400F0005149E /* Nimble.framework in Frameworks */,
				7683FC59214A400F0005149E /* Quick.framework in Frameworks */,
				76B7B12C21482A17003514F4 /* Exposure.framework in Frameworks */,
				76B7B12E21482A17003514F4 /* ExposurePlayback.framework in Frameworks */,
				76B7B13021482A17003514F4 /* Player.framework in Frameworks */,
				76AFFF352147B3B100402BA2 /* ExposureStreamrootIntegration.framework in Frameworks */,
				F73FE4E7AF7FBA573F16299F /* Pods_ExposureStreamrootIntegration_tvOSTests.framework in Frameworks */,
			);
			runOnlyForDeploymentPostprocessing = 0;
		};
/* End PBXFrameworksBuildPhase section */

/* Begin PBXGroup section */
		58D3D1BCC3EA062E9690825F /* Pods */ = {
			isa = PBXGroup;
			children = (
				C509EB9DE37796280E8FF976 /* Pods-ExposureStreamrootIntegration-iOS.debug.xcconfig */,
				2BA76AC16380FFD9904FB088 /* Pods-ExposureStreamrootIntegration-iOS.release.xcconfig */,
				257E6EF52376E9D23D6E2883 /* Pods-ExposureStreamrootIntegration-tvOS.debug.xcconfig */,
				33E308929D5F3EFF6FBD454C /* Pods-ExposureStreamrootIntegration-tvOS.release.xcconfig */,
				B6D16FA79B6CB73EC58971A4 /* Pods-ExposureStreamrootIntegration-tvOSTests.debug.xcconfig */,
				E0730DA2100673F68BB731C3 /* Pods-ExposureStreamrootIntegration-tvOSTests.release.xcconfig */,
				AF53D2C9A4642950640ABEA8 /* Pods-ExposureStreamrootIntegrationTests.debug.xcconfig */,
				FE431737E8B05AC021FCDCCE /* Pods-ExposureStreamrootIntegrationTests.release.xcconfig */,
				D7F55090A52C6B194A72E6EC /* Pods-StreamrootIntegrationApp.debug.xcconfig */,
				D97CDE65AED154CD17B98C75 /* Pods-StreamrootIntegrationApp.release.xcconfig */,
				61C71A8D04B679B5474C1EEA /* Pods-StreamrootIntegrationTvOSApp.debug.xcconfig */,
				A91666A165876A43C1F43B01 /* Pods-StreamrootIntegrationTvOSApp.release.xcconfig */,
			);
			name = Pods;
			sourceTree = "<group>";
		};
		7683FC81214AA8990005149E /* StreamrootIntegrationApp */ = {
			isa = PBXGroup;
			children = (
				7683FCB8214BEEED0005149E /* UI */,
				7683FC89214AA89B0005149E /* Assets.xcassets */,
				7683FC8E214AA89B0005149E /* Info.plist */,
			);
			path = StreamrootIntegrationApp;
			sourceTree = "<group>";
		};
		7683FCB8214BEEED0005149E /* UI */ = {
			isa = PBXGroup;
			children = (
				7683FCA5214AD5120005149E /* PlayerViewController.xib */,
				7683FC86214AA8990005149E /* Main.storyboard */,
				7683FC8B214AA89B0005149E /* LaunchScreen.storyboard */,
			);
			path = UI;
			sourceTree = "<group>";
		};
		7683FCBE214F9CBA0005149E /* StreamrootIntegrationTvOSApp */ = {
			isa = PBXGroup;
			children = (
				7683FCE6214FBBBF0005149E /* UI */,
				7684028221513CE40016BE49 /* Assets.xcassets */,
				7683FCC8214F9CBB0005149E /* Info.plist */,
			);
			path = StreamrootIntegrationTvOSApp;
			sourceTree = "<group>";
		};
		7683FCE6214FBBBF0005149E /* UI */ = {
			isa = PBXGroup;
			children = (
				7683FCE7214FBC330005149E /* PlayerViewController-tvOS.xib */,
				7683FCC3214F9CBA0005149E /* Main-tvOS.storyboard */,
			);
			path = UI;
			sourceTree = "<group>";
		};
		7683FCE9214FBC600005149E /* Shared Classes */ = {
			isa = PBXGroup;
			children = (
				7683FD01214FBC910005149E /* AppDelegate.swift */,
				7683FCEA214FBC600005149E /* Extensions */,
				7683FCEF214FBC600005149E /* ViewControllers */,
			);
			path = "Shared Classes";
			sourceTree = "<group>";
		};
		7683FCEA214FBC600005149E /* Extensions */ = {
			isa = PBXGroup;
			children = (
				7683FCEB214FBC600005149E /* UIViewController+Extensions.swift */,
				7683FCEC214FBC600005149E /* Asset+Extensions.swift */,
				7683FCED214FBC600005149E /* Program+Extensions.swift */,
				7683FCEE214FBC600005149E /* Date+Extensions.swift */,
			);
			path = Extensions;
			sourceTree = "<group>";
		};
		7683FCEF214FBC600005149E /* ViewControllers */ = {
			isa = PBXGroup;
			children = (
				7683FCF0214FBC600005149E /* ListViewController.swift */,
				7683FCF1214FBC600005149E /* PlayerViewController.swift */,
				7683FCF2214FBC600005149E /* LoginViewController.swift */,
			);
			path = ViewControllers;
			sourceTree = "<group>";
		};
		76AFFECA2146844C00402BA2 = {
			isa = PBXGroup;
			children = (
				7683FCD6214F9E880005149E /* Exposure.framework */,
				7683FCD3214F9E880005149E /* Player.framework */,
				7683FCD0214F9E880005149E /* ExposurePlayback.framework */,
				7683FC9C214AA9D90005149E /* Exposure.framework */,
				7683FC99214AA9D90005149E /* Player.framework */,
				7683FC96214AA9D90005149E /* ExposurePlayback.framework */,
				76AFFED62146844D00402BA2 /* ExposureStreamrootIntegration */,
				76AFFEE12146844D00402BA2 /* ExposureStreamrootIntegrationTests */,
				7683FC81214AA8990005149E /* StreamrootIntegrationApp */,
				7683FCE9214FBC600005149E /* Shared Classes */,
				7683FCBE214F9CBA0005149E /* StreamrootIntegrationTvOSApp */,
				76AFFED52146844D00402BA2 /* Products */,
				76AFFF432147B76500402BA2 /* Frameworks */,
				58D3D1BCC3EA062E9690825F /* Pods */,
			);
			sourceTree = "<group>";
		};
		76AFFED52146844D00402BA2 /* Products */ = {
			isa = PBXGroup;
			children = (
				76AFFED42146844D00402BA2 /* ExposureStreamrootIntegration.framework */,
				76AFFEDD2146844D00402BA2 /* ExposureStreamrootIntegrationTests.xctest */,
				76AFFF2C2147B3B100402BA2 /* ExposureStreamrootIntegration.framework */,
				76AFFF342147B3B100402BA2 /* ExposureStreamrootIntegration-tvOSTests.xctest */,
				7683FC80214AA8990005149E /* StreamrootIntegrationApp.app */,
				7683FCBD214F9CBA0005149E /* StreamrootIntegrationTvOSApp.app */,
			);
			name = Products;
			sourceTree = "<group>";
		};
		76AFFED62146844D00402BA2 /* ExposureStreamrootIntegration */ = {
			isa = PBXGroup;
			children = (
				76AFFEEE2146866100402BA2 /* CHANGELOG.md */,
				76AFFEF22146866100402BA2 /* KNOWN_LIMITATIONS.md */,
				76AFFEF02146866100402BA2 /* LICENSE */,
				76AFFEF12146866100402BA2 /* README.md */,
				76AFFEEF2146866100402BA2 /* UPGRADE_GUIDE.md */,
				76AFFF842148140C00402BA2 /* Podfile */,
				76AFFEFE21468A7700402BA2 /* Cartfile */,
				7683FC50214A3EE70005149E /* Cartfile.private */,
				7683FC51214A3EEF0005149E /* Cartfile.resolved */,
				76AFFEFF21468A7700402BA2 /* Documentation */,
				76AFFEF821468A7700402BA2 /* fastlane */,
				76B7B13721490D8C003514F4 /* Playable */,
				76B7B13821490D95003514F4 /* Source */,
				76B7B13921490D9B003514F4 /* EntitlementProvider */,
				76B7B113214825E2003514F4 /* StreamrootIntegrationError.swift */,
				76AFFED72146844D00402BA2 /* ExposureStreamrootIntegration.h */,
				76AFFED82146844D00402BA2 /* Info.plist */,
			);
			path = ExposureStreamrootIntegration;
			sourceTree = "<group>";
		};
		76AFFEE12146844D00402BA2 /* ExposureStreamrootIntegrationTests */ = {
			isa = PBXGroup;
			children = (
				76AFFEE22146844D00402BA2 /* ExposureStreamrootIntegrationTests.swift */,
				76AFFEE42146844D00402BA2 /* Info.plist */,
				7683FC5A214A40350005149E /* StreamrootPlayableSpec.swift */,
				7683FC63214A801C0005149E /* StreamrootAssetSourceSpec.swift */,
				7683FC5D214A457F0005149E /* PlaybackEntitlement+Extensions.swift */,
				7683FC60214A45E40005149E /* Dictionary+Extensions.swift */,
			);
			path = ExposureStreamrootIntegrationTests;
			sourceTree = "<group>";
		};
		76AFFEF821468A7700402BA2 /* fastlane */ = {
			isa = PBXGroup;
			children = (
				76AFFEF921468A7700402BA2 /* Appfile */,
				76AFFEFA21468A7700402BA2 /* Fastfile */,
				76AFFEFB21468A7700402BA2 /* .env */,
				76AFFEFC21468A7700402BA2 /* actions */,
			);
			path = fastlane;
			sourceTree = SOURCE_ROOT;
		};
		76AFFEFC21468A7700402BA2 /* actions */ = {
			isa = PBXGroup;
			children = (
				76AFFEFD21468A7700402BA2 /* update_dependency_graph.rb */,
			);
			path = actions;
			sourceTree = "<group>";
		};
		76AFFEFF21468A7700402BA2 /* Documentation */ = {
			isa = PBXGroup;
			children = (
			);
			path = Documentation;
			sourceTree = SOURCE_ROOT;
		};
		76AFFF432147B76500402BA2 /* Frameworks */ = {
			isa = PBXGroup;
			children = (
				7683FC56214A400F0005149E /* Nimble.framework */,
				7683FC58214A400F0005149E /* Quick.framework */,
				7683FC52214A3FFE0005149E /* Nimble.framework */,
				7683FC54214A3FFE0005149E /* Quick.framework */,
				7683FC4D21494DA30005149E /* Pods_ExposureStreamrootIntegration_iOS.framework */,
				76B7B12B21482A17003514F4 /* Exposure.framework */,
				76B7B12D21482A17003514F4 /* ExposurePlayback.framework */,
				76B7B12F21482A17003514F4 /* Player.framework */,
				76B7B12521482A05003514F4 /* Exposure.framework */,
				76B7B12721482A05003514F4 /* ExposurePlayback.framework */,
				76B7B12921482A05003514F4 /* Player.framework */,
				76B7B11F214829EB003514F4 /* Exposure.framework */,
				76B7B121214829EB003514F4 /* ExposurePlayback.framework */,
				76B7B123214829EB003514F4 /* Player.framework */,
				76B7B119214829DA003514F4 /* Exposure.framework */,
				76B7B11B214829DA003514F4 /* ExposurePlayback.framework */,
				76B7B11D214829DA003514F4 /* Player.framework */,
				7719BE96B44CDD859C575A10 /* Pods_ExposureStreamrootIntegration_tvOS.framework */,
				3F16728E1B956F075A8D2A23 /* Pods_ExposureStreamrootIntegration_iOS.framework */,
				474B7875FAFC60F16878F5FD /* Pods_ExposureStreamrootIntegration_tvOSTests.framework */,
				926CD0449F7D744D181B2618 /* Pods_ExposureStreamrootIntegrationTests.framework */,
				ED6A7C37803B1F0DF97DB2C6 /* Pods_StreamrootIntegrationApp.framework */,
				6D78AD2633F8689814FD8B3C /* Pods_StreamrootIntegrationTvOSApp.framework */,
			);
			name = Frameworks;
			sourceTree = "<group>";
		};
		76B7B13721490D8C003514F4 /* Playable */ = {
			isa = PBXGroup;
			children = (
				76B7B14C21493F12003514F4 /* StreamrootPlayable.swift */,
			);
			path = Playable;
			sourceTree = "<group>";
		};
		76B7B13821490D95003514F4 /* Source */ = {
			isa = PBXGroup;
			children = (
				7683FCA8214AD7AA0005149E /* StreamrootSource.swift */,
				76B7B1162148260C003514F4 /* StreamrootAssetSource.swift */,
				76B7B13A21490DDD003514F4 /* StreamrootChannelSource.swift */,
				76B7B13D21490E17003514F4 /* StreamrootProgramSource.swift */,
			);
			path = Source;
			sourceTree = "<group>";
		};
		76B7B13921490D9B003514F4 /* EntitlementProvider */ = {
			isa = PBXGroup;
			children = (
				76B7B110214825AB003514F4 /* StreamrootAssetEntitlementProvider.swift */,
				76B7B140214910A7003514F4 /* StreamrootChannelEntitlementProvider.swift */,
				76B7B143214910E2003514F4 /* StreamrootProgramEntitlementProvider.swift */,
			);
			path = EntitlementProvider;
			sourceTree = "<group>";
		};
/* End PBXGroup section */

/* Begin PBXHeadersBuildPhase section */
		76AFFED12146844D00402BA2 /* Headers */ = {
			isa = PBXHeadersBuildPhase;
			buildActionMask = 2147483647;
			files = (
				76AFFEE52146844D00402BA2 /* ExposureStreamrootIntegration.h in Headers */,
			);
			runOnlyForDeploymentPostprocessing = 0;
		};
		76AFFF292147B3B100402BA2 /* Headers */ = {
			isa = PBXHeadersBuildPhase;
			buildActionMask = 2147483647;
			files = (
			);
			runOnlyForDeploymentPostprocessing = 0;
		};
/* End PBXHeadersBuildPhase section */

/* Begin PBXNativeTarget section */
		7683FC7F214AA8990005149E /* StreamrootIntegrationApp */ = {
			isa = PBXNativeTarget;
			buildConfigurationList = 7683FC8F214AA89B0005149E /* Build configuration list for PBXNativeTarget "StreamrootIntegrationApp" */;
			buildPhases = (
				77420F4F9499F56088418220 /* [CP] Check Pods Manifest.lock */,
				7683FC7C214AA8990005149E /* Sources */,
				7683FC7D214AA8990005149E /* Frameworks */,
				7683FC7E214AA8990005149E /* Resources */,
				42F795A65C1AFDED991E6EE0 /* [CP] Embed Pods Frameworks */,
				7683FC9F214AA9D90005149E /* Embed Frameworks */,
			);
			buildRules = (
			);
			dependencies = (
				7683FC95214AA9D90005149E /* PBXTargetDependency */,
			);
			name = StreamrootIntegrationApp;
			productName = StreamrootIntegrationApp;
			productReference = 7683FC80214AA8990005149E /* StreamrootIntegrationApp.app */;
			productType = "com.apple.product-type.application";
		};
		7683FCBC214F9CBA0005149E /* StreamrootIntegrationTvOSApp */ = {
			isa = PBXNativeTarget;
			buildConfigurationList = 7683FCCB214F9CBB0005149E /* Build configuration list for PBXNativeTarget "StreamrootIntegrationTvOSApp" */;
			buildPhases = (
				29ACECA5539D7870FDF34D31 /* [CP] Check Pods Manifest.lock */,
				7683FCB9214F9CBA0005149E /* Sources */,
				7683FCBA214F9CBA0005149E /* Frameworks */,
				7683FCBB214F9CBA0005149E /* Resources */,
				A3EC15EA55A96180742CF197 /* [CP] Embed Pods Frameworks */,
				7683FCD9214F9E880005149E /* Embed Frameworks */,
			);
			buildRules = (
			);
			dependencies = (
				7683FCCF214F9E880005149E /* PBXTargetDependency */,
			);
			name = StreamrootIntegrationTvOSApp;
			productName = StreamrootIntegrationTvOSApp;
			productReference = 7683FCBD214F9CBA0005149E /* StreamrootIntegrationTvOSApp.app */;
			productType = "com.apple.product-type.application";
		};
		76AFFED32146844D00402BA2 /* ExposureStreamrootIntegration-iOS */ = {
			isa = PBXNativeTarget;
			buildConfigurationList = 76AFFEE82146844D00402BA2 /* Build configuration list for PBXNativeTarget "ExposureStreamrootIntegration-iOS" */;
			buildPhases = (
				226AAF7CA3FB15AC5F69D563 /* [CP] Check Pods Manifest.lock */,
				76AFFECF2146844D00402BA2 /* Sources */,
				76AFFED02146844D00402BA2 /* Frameworks */,
				76AFFED12146844D00402BA2 /* Headers */,
				76AFFED22146844D00402BA2 /* Resources */,
			);
			buildRules = (
			);
			dependencies = (
			);
			name = "ExposureStreamrootIntegration-iOS";
			productName = ExposureStreamrootIntegration;
			productReference = 76AFFED42146844D00402BA2 /* ExposureStreamrootIntegration.framework */;
			productType = "com.apple.product-type.framework";
		};
		76AFFEDC2146844D00402BA2 /* ExposureStreamrootIntegrationTests */ = {
			isa = PBXNativeTarget;
			buildConfigurationList = 76AFFEEB2146844D00402BA2 /* Build configuration list for PBXNativeTarget "ExposureStreamrootIntegrationTests" */;
			buildPhases = (
				2B8F733BB3E2CC75EEFBA4FF /* [CP] Check Pods Manifest.lock */,
				76AFFED92146844D00402BA2 /* Sources */,
				76AFFEDA2146844D00402BA2 /* Frameworks */,
				76AFFEDB2146844D00402BA2 /* Resources */,
				76AFFF6F2147BA7A00402BA2 /* CopyFiles */,
				1E57B3EF37DD14684490F09A /* [CP] Embed Pods Frameworks */,
			);
			buildRules = (
			);
			dependencies = (
				76AFFEE02146844D00402BA2 /* PBXTargetDependency */,
			);
			name = ExposureStreamrootIntegrationTests;
			productName = ExposureStreamrootIntegrationTests;
			productReference = 76AFFEDD2146844D00402BA2 /* ExposureStreamrootIntegrationTests.xctest */;
			productType = "com.apple.product-type.bundle.unit-test";
		};
		76AFFF2B2147B3B100402BA2 /* ExposureStreamrootIntegration-tvOS */ = {
			isa = PBXNativeTarget;
			buildConfigurationList = 76AFFF412147B3B100402BA2 /* Build configuration list for PBXNativeTarget "ExposureStreamrootIntegration-tvOS" */;
			buildPhases = (
				4A3647B4A97B8E834A89C992 /* [CP] Check Pods Manifest.lock */,
				76AFFF272147B3B100402BA2 /* Sources */,
				76AFFF282147B3B100402BA2 /* Frameworks */,
				76AFFF292147B3B100402BA2 /* Headers */,
				76AFFF2A2147B3B100402BA2 /* Resources */,
			);
			buildRules = (
			);
			dependencies = (
			);
			name = "ExposureStreamrootIntegration-tvOS";
			productName = "ExposureStreamrootIntegration-tvOS";
			productReference = 76AFFF2C2147B3B100402BA2 /* ExposureStreamrootIntegration.framework */;
			productType = "com.apple.product-type.framework";
		};
		76AFFF332147B3B100402BA2 /* ExposureStreamrootIntegration-tvOSTests */ = {
			isa = PBXNativeTarget;
			buildConfigurationList = 76AFFF422147B3B100402BA2 /* Build configuration list for PBXNativeTarget "ExposureStreamrootIntegration-tvOSTests" */;
			buildPhases = (
				341FB2E3FF65DCCE2C6524B5 /* [CP] Check Pods Manifest.lock */,
				76AFFF302147B3B100402BA2 /* Sources */,
				76AFFF312147B3B100402BA2 /* Frameworks */,
				76AFFF322147B3B100402BA2 /* Resources */,
				76AFFF802148127300402BA2 /* CopyFiles */,
				157087436F6BD878E68BB220 /* [CP] Embed Pods Frameworks */,
			);
			buildRules = (
			);
			dependencies = (
				76AFFF372147B3B100402BA2 /* PBXTargetDependency */,
			);
			name = "ExposureStreamrootIntegration-tvOSTests";
			productName = "ExposureStreamrootIntegration-tvOSTests";
			productReference = 76AFFF342147B3B100402BA2 /* ExposureStreamrootIntegration-tvOSTests.xctest */;
			productType = "com.apple.product-type.bundle.unit-test";
		};
/* End PBXNativeTarget section */

/* Begin PBXProject section */
		76AFFECB2146844C00402BA2 /* Project object */ = {
			isa = PBXProject;
			attributes = {
				LastSwiftUpdateCheck = 0940;
				LastUpgradeCheck = 0940;
				ORGANIZATIONNAME = emp;
				TargetAttributes = {
					7683FC7F214AA8990005149E = {
						CreatedOnToolsVersion = 9.4.1;
					};
					7683FCBC214F9CBA0005149E = {
						CreatedOnToolsVersion = 9.4.1;
					};
					76AFFED32146844D00402BA2 = {
						CreatedOnToolsVersion = 9.4.1;
						LastSwiftMigration = 0940;
					};
					76AFFEDC2146844D00402BA2 = {
						CreatedOnToolsVersion = 9.4.1;
					};
					76AFFF2B2147B3B100402BA2 = {
						CreatedOnToolsVersion = 9.4.1;
						LastSwiftMigration = 0940;
					};
					76AFFF332147B3B100402BA2 = {
						CreatedOnToolsVersion = 9.4.1;
					};
				};
			};
			buildConfigurationList = 76AFFECE2146844C00402BA2 /* Build configuration list for PBXProject "ExposureStreamrootIntegration" */;
			compatibilityVersion = "Xcode 9.3";
			developmentRegion = en;
			hasScannedForEncodings = 0;
			knownRegions = (
				en,
				Base,
			);
			mainGroup = 76AFFECA2146844C00402BA2;
			productRefGroup = 76AFFED52146844D00402BA2 /* Products */;
			projectDirPath = "";
			projectRoot = "";
			targets = (
				76AFFED32146844D00402BA2 /* ExposureStreamrootIntegration-iOS */,
				76AFFEDC2146844D00402BA2 /* ExposureStreamrootIntegrationTests */,
				76AFFF2B2147B3B100402BA2 /* ExposureStreamrootIntegration-tvOS */,
				76AFFF332147B3B100402BA2 /* ExposureStreamrootIntegration-tvOSTests */,
				7683FC7F214AA8990005149E /* StreamrootIntegrationApp */,
				7683FCBC214F9CBA0005149E /* StreamrootIntegrationTvOSApp */,
			);
		};
/* End PBXProject section */

/* Begin PBXResourcesBuildPhase section */
		7683FC7E214AA8990005149E /* Resources */ = {
			isa = PBXResourcesBuildPhase;
			buildActionMask = 2147483647;
			files = (
				7683FC8D214AA89B0005149E /* LaunchScreen.storyboard in Resources */,
				7683FCA7214AD5120005149E /* PlayerViewController.xib in Resources */,
				7683FC8A214AA89B0005149E /* Assets.xcassets in Resources */,
				7683FC88214AA8990005149E /* Main.storyboard in Resources */,
			);
			runOnlyForDeploymentPostprocessing = 0;
		};
		7683FCBB214F9CBA0005149E /* Resources */ = {
			isa = PBXResourcesBuildPhase;
			buildActionMask = 2147483647;
			files = (
				7683FCC5214F9CBA0005149E /* Main-tvOS.storyboard in Resources */,
				7683FCE8214FBC330005149E /* PlayerViewController-tvOS.xib in Resources */,
				7684028321513CE40016BE49 /* Assets.xcassets in Resources */,
				7683FCE4214FA48C0005149E /* Info.plist in Resources */,
			);
			runOnlyForDeploymentPostprocessing = 0;
		};
		76AFFED22146844D00402BA2 /* Resources */ = {
			isa = PBXResourcesBuildPhase;
			buildActionMask = 2147483647;
			files = (
				76AFFF852148140C00402BA2 /* Podfile in Resources */,
			);
			runOnlyForDeploymentPostprocessing = 0;
		};
		76AFFEDB2146844D00402BA2 /* Resources */ = {
			isa = PBXResourcesBuildPhase;
			buildActionMask = 2147483647;
			files = (
			);
			runOnlyForDeploymentPostprocessing = 0;
		};
		76AFFF2A2147B3B100402BA2 /* Resources */ = {
			isa = PBXResourcesBuildPhase;
			buildActionMask = 2147483647;
			files = (
				76AFFF862148140C00402BA2 /* Podfile in Resources */,
			);
			runOnlyForDeploymentPostprocessing = 0;
		};
		76AFFF322147B3B100402BA2 /* Resources */ = {
			isa = PBXResourcesBuildPhase;
			buildActionMask = 2147483647;
			files = (
			);
			runOnlyForDeploymentPostprocessing = 0;
		};
/* End PBXResourcesBuildPhase section */

/* Begin PBXShellScriptBuildPhase section */
		157087436F6BD878E68BB220 /* [CP] Embed Pods Frameworks */ = {
			isa = PBXShellScriptBuildPhase;
			buildActionMask = 2147483647;
			files = (
			);
			inputPaths = (
				"${SRCROOT}/Pods/Target Support Files/Pods-ExposureStreamrootIntegration-tvOSTests/Pods-ExposureStreamrootIntegration-tvOSTests-frameworks.sh",
				"${BUILT_PRODUCTS_DIR}/GCDWebServer-tvOS/GCDWebServer.framework",
				"${BUILT_PRODUCTS_DIR}/Sentry-tvOS/Sentry.framework",
				"${BUILT_PRODUCTS_DIR}/Starscream-tvOS/Starscream.framework",
				"${PODS_ROOT}/StreamrootSDK/Carthage/Build/tvOS/StreamrootSDK.framework",
				"${PODS_ROOT}/StreamrootSDK/Carthage/Build/tvOS/StreamrootSDK.framework.dSYM",
			);
			name = "[CP] Embed Pods Frameworks";
			outputPaths = (
				"${TARGET_BUILD_DIR}/${FRAMEWORKS_FOLDER_PATH}/GCDWebServer.framework",
				"${TARGET_BUILD_DIR}/${FRAMEWORKS_FOLDER_PATH}/Sentry.framework",
				"${TARGET_BUILD_DIR}/${FRAMEWORKS_FOLDER_PATH}/Starscream.framework",
				"${TARGET_BUILD_DIR}/${FRAMEWORKS_FOLDER_PATH}/StreamrootSDK.framework",
				"${DWARF_DSYM_FOLDER_PATH}/StreamrootSDK.framework.dSYM",
			);
			runOnlyForDeploymentPostprocessing = 0;
			shellPath = /bin/sh;
			shellScript = "\"${SRCROOT}/Pods/Target Support Files/Pods-ExposureStreamrootIntegration-tvOSTests/Pods-ExposureStreamrootIntegration-tvOSTests-frameworks.sh\"\n";
			showEnvVarsInLog = 0;
		};
		1E57B3EF37DD14684490F09A /* [CP] Embed Pods Frameworks */ = {
			isa = PBXShellScriptBuildPhase;
			buildActionMask = 2147483647;
			files = (
			);
			inputPaths = (
				"${SRCROOT}/Pods/Target Support Files/Pods-ExposureStreamrootIntegrationTests/Pods-ExposureStreamrootIntegrationTests-frameworks.sh",
				"${BUILT_PRODUCTS_DIR}/GCDWebServer-iOS/GCDWebServer.framework",
				"${BUILT_PRODUCTS_DIR}/Sentry-iOS/Sentry.framework",
				"${BUILT_PRODUCTS_DIR}/Starscream-iOS/Starscream.framework",
				"${PODS_ROOT}/StreamrootSDK/Carthage/Build/iOS/StreamrootSDK.framework",
				"${PODS_ROOT}/StreamrootSDK/Carthage/Build/iOS/StreamrootSDK.framework.dSYM",
			);
			name = "[CP] Embed Pods Frameworks";
			outputPaths = (
				"${TARGET_BUILD_DIR}/${FRAMEWORKS_FOLDER_PATH}/GCDWebServer.framework",
				"${TARGET_BUILD_DIR}/${FRAMEWORKS_FOLDER_PATH}/Sentry.framework",
				"${TARGET_BUILD_DIR}/${FRAMEWORKS_FOLDER_PATH}/Starscream.framework",
				"${TARGET_BUILD_DIR}/${FRAMEWORKS_FOLDER_PATH}/StreamrootSDK.framework",
				"${DWARF_DSYM_FOLDER_PATH}/StreamrootSDK.framework.dSYM",
			);
			runOnlyForDeploymentPostprocessing = 0;
			shellPath = /bin/sh;
			shellScript = "\"${SRCROOT}/Pods/Target Support Files/Pods-ExposureStreamrootIntegrationTests/Pods-ExposureStreamrootIntegrationTests-frameworks.sh\"\n";
			showEnvVarsInLog = 0;
		};
		226AAF7CA3FB15AC5F69D563 /* [CP] Check Pods Manifest.lock */ = {
			isa = PBXShellScriptBuildPhase;
			buildActionMask = 2147483647;
			files = (
			);
			inputPaths = (
				"${PODS_PODFILE_DIR_PATH}/Podfile.lock",
				"${PODS_ROOT}/Manifest.lock",
			);
			name = "[CP] Check Pods Manifest.lock";
			outputPaths = (
				"$(DERIVED_FILE_DIR)/Pods-ExposureStreamrootIntegration-iOS-checkManifestLockResult.txt",
			);
			runOnlyForDeploymentPostprocessing = 0;
			shellPath = /bin/sh;
			shellScript = "diff \"${PODS_PODFILE_DIR_PATH}/Podfile.lock\" \"${PODS_ROOT}/Manifest.lock\" > /dev/null\nif [ $? != 0 ] ; then\n    # print error to STDERR\n    echo \"error: The sandbox is not in sync with the Podfile.lock. Run 'pod install' or update your CocoaPods installation.\" >&2\n    exit 1\nfi\n# This output is used by Xcode 'outputs' to avoid re-running this script phase.\necho \"SUCCESS\" > \"${SCRIPT_OUTPUT_FILE_0}\"\n";
			showEnvVarsInLog = 0;
		};
		29ACECA5539D7870FDF34D31 /* [CP] Check Pods Manifest.lock */ = {
			isa = PBXShellScriptBuildPhase;
			buildActionMask = 2147483647;
			files = (
			);
			inputPaths = (
				"${PODS_PODFILE_DIR_PATH}/Podfile.lock",
				"${PODS_ROOT}/Manifest.lock",
			);
			name = "[CP] Check Pods Manifest.lock";
			outputPaths = (
				"$(DERIVED_FILE_DIR)/Pods-StreamrootIntegrationTvOSApp-checkManifestLockResult.txt",
			);
			runOnlyForDeploymentPostprocessing = 0;
			shellPath = /bin/sh;
			shellScript = "diff \"${PODS_PODFILE_DIR_PATH}/Podfile.lock\" \"${PODS_ROOT}/Manifest.lock\" > /dev/null\nif [ $? != 0 ] ; then\n    # print error to STDERR\n    echo \"error: The sandbox is not in sync with the Podfile.lock. Run 'pod install' or update your CocoaPods installation.\" >&2\n    exit 1\nfi\n# This output is used by Xcode 'outputs' to avoid re-running this script phase.\necho \"SUCCESS\" > \"${SCRIPT_OUTPUT_FILE_0}\"\n";
			showEnvVarsInLog = 0;
		};
		2B8F733BB3E2CC75EEFBA4FF /* [CP] Check Pods Manifest.lock */ = {
			isa = PBXShellScriptBuildPhase;
			buildActionMask = 2147483647;
			files = (
			);
			inputPaths = (
				"${PODS_PODFILE_DIR_PATH}/Podfile.lock",
				"${PODS_ROOT}/Manifest.lock",
			);
			name = "[CP] Check Pods Manifest.lock";
			outputPaths = (
				"$(DERIVED_FILE_DIR)/Pods-ExposureStreamrootIntegrationTests-checkManifestLockResult.txt",
			);
			runOnlyForDeploymentPostprocessing = 0;
			shellPath = /bin/sh;
			shellScript = "diff \"${PODS_PODFILE_DIR_PATH}/Podfile.lock\" \"${PODS_ROOT}/Manifest.lock\" > /dev/null\nif [ $? != 0 ] ; then\n    # print error to STDERR\n    echo \"error: The sandbox is not in sync with the Podfile.lock. Run 'pod install' or update your CocoaPods installation.\" >&2\n    exit 1\nfi\n# This output is used by Xcode 'outputs' to avoid re-running this script phase.\necho \"SUCCESS\" > \"${SCRIPT_OUTPUT_FILE_0}\"\n";
			showEnvVarsInLog = 0;
		};
		341FB2E3FF65DCCE2C6524B5 /* [CP] Check Pods Manifest.lock */ = {
			isa = PBXShellScriptBuildPhase;
			buildActionMask = 2147483647;
			files = (
			);
			inputPaths = (
				"${PODS_PODFILE_DIR_PATH}/Podfile.lock",
				"${PODS_ROOT}/Manifest.lock",
			);
			name = "[CP] Check Pods Manifest.lock";
			outputPaths = (
				"$(DERIVED_FILE_DIR)/Pods-ExposureStreamrootIntegration-tvOSTests-checkManifestLockResult.txt",
			);
			runOnlyForDeploymentPostprocessing = 0;
			shellPath = /bin/sh;
			shellScript = "diff \"${PODS_PODFILE_DIR_PATH}/Podfile.lock\" \"${PODS_ROOT}/Manifest.lock\" > /dev/null\nif [ $? != 0 ] ; then\n    # print error to STDERR\n    echo \"error: The sandbox is not in sync with the Podfile.lock. Run 'pod install' or update your CocoaPods installation.\" >&2\n    exit 1\nfi\n# This output is used by Xcode 'outputs' to avoid re-running this script phase.\necho \"SUCCESS\" > \"${SCRIPT_OUTPUT_FILE_0}\"\n";
			showEnvVarsInLog = 0;
		};
		42F795A65C1AFDED991E6EE0 /* [CP] Embed Pods Frameworks */ = {
			isa = PBXShellScriptBuildPhase;
			buildActionMask = 2147483647;
			files = (
			);
			inputPaths = (
				"${SRCROOT}/Pods/Target Support Files/Pods-StreamrootIntegrationApp/Pods-StreamrootIntegrationApp-frameworks.sh",
				"${BUILT_PRODUCTS_DIR}/GCDWebServer-iOS/GCDWebServer.framework",
				"${BUILT_PRODUCTS_DIR}/Sentry-iOS/Sentry.framework",
				"${BUILT_PRODUCTS_DIR}/Starscream-iOS/Starscream.framework",
				"${PODS_ROOT}/StreamrootSDK/Carthage/Build/iOS/StreamrootSDK.framework",
				"${PODS_ROOT}/StreamrootSDK/Carthage/Build/iOS/StreamrootSDK.framework.dSYM",
			);
			name = "[CP] Embed Pods Frameworks";
			outputPaths = (
				"${TARGET_BUILD_DIR}/${FRAMEWORKS_FOLDER_PATH}/GCDWebServer.framework",
				"${TARGET_BUILD_DIR}/${FRAMEWORKS_FOLDER_PATH}/Sentry.framework",
				"${TARGET_BUILD_DIR}/${FRAMEWORKS_FOLDER_PATH}/Starscream.framework",
				"${TARGET_BUILD_DIR}/${FRAMEWORKS_FOLDER_PATH}/StreamrootSDK.framework",
				"${DWARF_DSYM_FOLDER_PATH}/StreamrootSDK.framework.dSYM",
			);
			runOnlyForDeploymentPostprocessing = 0;
			shellPath = /bin/sh;
			shellScript = "\"${SRCROOT}/Pods/Target Support Files/Pods-StreamrootIntegrationApp/Pods-StreamrootIntegrationApp-frameworks.sh\"\n";
			showEnvVarsInLog = 0;
		};
		4A3647B4A97B8E834A89C992 /* [CP] Check Pods Manifest.lock */ = {
			isa = PBXShellScriptBuildPhase;
			buildActionMask = 2147483647;
			files = (
			);
			inputPaths = (
				"${PODS_PODFILE_DIR_PATH}/Podfile.lock",
				"${PODS_ROOT}/Manifest.lock",
			);
			name = "[CP] Check Pods Manifest.lock";
			outputPaths = (
				"$(DERIVED_FILE_DIR)/Pods-ExposureStreamrootIntegration-tvOS-checkManifestLockResult.txt",
			);
			runOnlyForDeploymentPostprocessing = 0;
			shellPath = /bin/sh;
			shellScript = "diff \"${PODS_PODFILE_DIR_PATH}/Podfile.lock\" \"${PODS_ROOT}/Manifest.lock\" > /dev/null\nif [ $? != 0 ] ; then\n    # print error to STDERR\n    echo \"error: The sandbox is not in sync with the Podfile.lock. Run 'pod install' or update your CocoaPods installation.\" >&2\n    exit 1\nfi\n# This output is used by Xcode 'outputs' to avoid re-running this script phase.\necho \"SUCCESS\" > \"${SCRIPT_OUTPUT_FILE_0}\"\n";
			showEnvVarsInLog = 0;
		};
		77420F4F9499F56088418220 /* [CP] Check Pods Manifest.lock */ = {
			isa = PBXShellScriptBuildPhase;
			buildActionMask = 2147483647;
			files = (
			);
			inputPaths = (
				"${PODS_PODFILE_DIR_PATH}/Podfile.lock",
				"${PODS_ROOT}/Manifest.lock",
			);
			name = "[CP] Check Pods Manifest.lock";
			outputPaths = (
				"$(DERIVED_FILE_DIR)/Pods-StreamrootIntegrationApp-checkManifestLockResult.txt",
			);
			runOnlyForDeploymentPostprocessing = 0;
			shellPath = /bin/sh;
			shellScript = "diff \"${PODS_PODFILE_DIR_PATH}/Podfile.lock\" \"${PODS_ROOT}/Manifest.lock\" > /dev/null\nif [ $? != 0 ] ; then\n    # print error to STDERR\n    echo \"error: The sandbox is not in sync with the Podfile.lock. Run 'pod install' or update your CocoaPods installation.\" >&2\n    exit 1\nfi\n# This output is used by Xcode 'outputs' to avoid re-running this script phase.\necho \"SUCCESS\" > \"${SCRIPT_OUTPUT_FILE_0}\"\n";
			showEnvVarsInLog = 0;
		};
		A3EC15EA55A96180742CF197 /* [CP] Embed Pods Frameworks */ = {
			isa = PBXShellScriptBuildPhase;
			buildActionMask = 2147483647;
			files = (
			);
			inputPaths = (
				"${SRCROOT}/Pods/Target Support Files/Pods-StreamrootIntegrationTvOSApp/Pods-StreamrootIntegrationTvOSApp-frameworks.sh",
				"${BUILT_PRODUCTS_DIR}/GCDWebServer-tvOS/GCDWebServer.framework",
				"${BUILT_PRODUCTS_DIR}/Sentry-tvOS/Sentry.framework",
				"${BUILT_PRODUCTS_DIR}/Starscream-tvOS/Starscream.framework",
				"${PODS_ROOT}/StreamrootSDK/Carthage/Build/tvOS/StreamrootSDK.framework",
				"${PODS_ROOT}/StreamrootSDK/Carthage/Build/tvOS/StreamrootSDK.framework.dSYM",
			);
			name = "[CP] Embed Pods Frameworks";
			outputPaths = (
				"${TARGET_BUILD_DIR}/${FRAMEWORKS_FOLDER_PATH}/GCDWebServer.framework",
				"${TARGET_BUILD_DIR}/${FRAMEWORKS_FOLDER_PATH}/Sentry.framework",
				"${TARGET_BUILD_DIR}/${FRAMEWORKS_FOLDER_PATH}/Starscream.framework",
				"${TARGET_BUILD_DIR}/${FRAMEWORKS_FOLDER_PATH}/StreamrootSDK.framework",
				"${DWARF_DSYM_FOLDER_PATH}/StreamrootSDK.framework.dSYM",
			);
			runOnlyForDeploymentPostprocessing = 0;
			shellPath = /bin/sh;
			shellScript = "\"${SRCROOT}/Pods/Target Support Files/Pods-StreamrootIntegrationTvOSApp/Pods-StreamrootIntegrationTvOSApp-frameworks.sh\"\n";
			showEnvVarsInLog = 0;
		};
/* End PBXShellScriptBuildPhase section */

/* Begin PBXSourcesBuildPhase section */
		7683FC7C214AA8990005149E /* Sources */ = {
			isa = PBXSourcesBuildPhase;
			buildActionMask = 2147483647;
			files = (
				7683FD02214FBC910005149E /* AppDelegate.swift in Sources */,
				7683FCF7214FBC600005149E /* Program+Extensions.swift in Sources */,
				7683FCF5214FBC600005149E /* Asset+Extensions.swift in Sources */,
				7683FCFF214FBC600005149E /* LoginViewController.swift in Sources */,
				7683FCFD214FBC600005149E /* PlayerViewController.swift in Sources */,
				7683FCF9214FBC600005149E /* Date+Extensions.swift in Sources */,
				7683FCF3214FBC600005149E /* UIViewController+Extensions.swift in Sources */,
				7683FCFB214FBC600005149E /* ListViewController.swift in Sources */,
			);
			runOnlyForDeploymentPostprocessing = 0;
		};
		7683FCB9214F9CBA0005149E /* Sources */ = {
			isa = PBXSourcesBuildPhase;
			buildActionMask = 2147483647;
			files = (
				7683FD03214FBC910005149E /* AppDelegate.swift in Sources */,
				7683FCF8214FBC600005149E /* Program+Extensions.swift in Sources */,
				7683FCF6214FBC600005149E /* Asset+Extensions.swift in Sources */,
				7683FD00214FBC600005149E /* LoginViewController.swift in Sources */,
				7683FCFE214FBC600005149E /* PlayerViewController.swift in Sources */,
				7683FCFA214FBC600005149E /* Date+Extensions.swift in Sources */,
				7683FCF4214FBC600005149E /* UIViewController+Extensions.swift in Sources */,
				7683FCFC214FBC600005149E /* ListViewController.swift in Sources */,
			);
			runOnlyForDeploymentPostprocessing = 0;
		};
		76AFFECF2146844D00402BA2 /* Sources */ = {
			isa = PBXSourcesBuildPhase;
			buildActionMask = 2147483647;
			files = (
				76B7B114214825E2003514F4 /* StreamrootIntegrationError.swift in Sources */,
				76B7B144214910E2003514F4 /* StreamrootProgramEntitlementProvider.swift in Sources */,
				76B7B14D21493F12003514F4 /* StreamrootPlayable.swift in Sources */,
				7683FCAA214AD8120005149E /* StreamrootSource.swift in Sources */,
				76B7B111214825AB003514F4 /* StreamrootAssetEntitlementProvider.swift in Sources */,
				76B7B13E21490E17003514F4 /* StreamrootProgramSource.swift in Sources */,
				76B7B1172148260C003514F4 /* StreamrootAssetSource.swift in Sources */,
				76B7B13B21490DDD003514F4 /* StreamrootChannelSource.swift in Sources */,
				76B7B141214910A7003514F4 /* StreamrootChannelEntitlementProvider.swift in Sources */,
			);
			runOnlyForDeploymentPostprocessing = 0;
		};
		76AFFED92146844D00402BA2 /* Sources */ = {
			isa = PBXSourcesBuildPhase;
			buildActionMask = 2147483647;
			files = (
				7683FC64214A801C0005149E /* StreamrootAssetSourceSpec.swift in Sources */,
				7683FC5E214A457F0005149E /* PlaybackEntitlement+Extensions.swift in Sources */,
				7683FC5B214A40350005149E /* StreamrootPlayableSpec.swift in Sources */,
				76AFFEE32146844D00402BA2 /* ExposureStreamrootIntegrationTests.swift in Sources */,
				7683FC61214A45E40005149E /* Dictionary+Extensions.swift in Sources */,
			);
			runOnlyForDeploymentPostprocessing = 0;
		};
		76AFFF272147B3B100402BA2 /* Sources */ = {
			isa = PBXSourcesBuildPhase;
			buildActionMask = 2147483647;
			files = (
				76B7B115214825E2003514F4 /* StreamrootIntegrationError.swift in Sources */,
				76B7B145214910E2003514F4 /* StreamrootProgramEntitlementProvider.swift in Sources */,
				76B7B14E21493F12003514F4 /* StreamrootPlayable.swift in Sources */,
				7683FCAB214AD8120005149E /* StreamrootSource.swift in Sources */,
				76B7B112214825AB003514F4 /* StreamrootAssetEntitlementProvider.swift in Sources */,
				76B7B13F21490E17003514F4 /* StreamrootProgramSource.swift in Sources */,
				76B7B1182148260C003514F4 /* StreamrootAssetSource.swift in Sources */,
				76B7B13C21490DDD003514F4 /* StreamrootChannelSource.swift in Sources */,
				76B7B142214910A7003514F4 /* StreamrootChannelEntitlementProvider.swift in Sources */,
			);
			runOnlyForDeploymentPostprocessing = 0;
		};
		76AFFF302147B3B100402BA2 /* Sources */ = {
			isa = PBXSourcesBuildPhase;
			buildActionMask = 2147483647;
			files = (
				7683FC65214A801C0005149E /* StreamrootAssetSourceSpec.swift in Sources */,
				7683FC5F214A457F0005149E /* PlaybackEntitlement+Extensions.swift in Sources */,
				7683FC5C214A40350005149E /* StreamrootPlayableSpec.swift in Sources */,
				76AFFF882148141600402BA2 /* ExposureStreamrootIntegrationTests.swift in Sources */,
				7683FC62214A45E40005149E /* Dictionary+Extensions.swift in Sources */,
			);
			runOnlyForDeploymentPostprocessing = 0;
		};
/* End PBXSourcesBuildPhase section */

/* Begin PBXTargetDependency section */
		7683FC95214AA9D90005149E /* PBXTargetDependency */ = {
			isa = PBXTargetDependency;
			target = 76AFFED32146844D00402BA2 /* ExposureStreamrootIntegration-iOS */;
			targetProxy = 7683FC94214AA9D90005149E /* PBXContainerItemProxy */;
		};
		7683FCCF214F9E880005149E /* PBXTargetDependency */ = {
			isa = PBXTargetDependency;
			target = 76AFFF2B2147B3B100402BA2 /* ExposureStreamrootIntegration-tvOS */;
			targetProxy = 7683FCCE214F9E880005149E /* PBXContainerItemProxy */;
		};
		76AFFEE02146844D00402BA2 /* PBXTargetDependency */ = {
			isa = PBXTargetDependency;
			target = 76AFFED32146844D00402BA2 /* ExposureStreamrootIntegration-iOS */;
			targetProxy = 76AFFEDF2146844D00402BA2 /* PBXContainerItemProxy */;
		};
		76AFFF372147B3B100402BA2 /* PBXTargetDependency */ = {
			isa = PBXTargetDependency;
			target = 76AFFF2B2147B3B100402BA2 /* ExposureStreamrootIntegration-tvOS */;
			targetProxy = 76AFFF362147B3B100402BA2 /* PBXContainerItemProxy */;
		};
/* End PBXTargetDependency section */

/* Begin PBXVariantGroup section */
		7683FC86214AA8990005149E /* Main.storyboard */ = {
			isa = PBXVariantGroup;
			children = (
				7683FC87214AA8990005149E /* Base */,
			);
			name = Main.storyboard;
			sourceTree = "<group>";
		};
		7683FC8B214AA89B0005149E /* LaunchScreen.storyboard */ = {
			isa = PBXVariantGroup;
			children = (
				7683FC8C214AA89B0005149E /* Base */,
			);
			name = LaunchScreen.storyboard;
			sourceTree = "<group>";
		};
		7683FCC3214F9CBA0005149E /* Main-tvOS.storyboard */ = {
			isa = PBXVariantGroup;
			children = (
				7683FCC4214F9CBA0005149E /* Base */,
			);
			name = "Main-tvOS.storyboard";
			sourceTree = "<group>";
		};
/* End PBXVariantGroup section */

/* Begin XCBuildConfiguration section */
		7683FC90214AA89B0005149E /* Debug */ = {
			isa = XCBuildConfiguration;
			baseConfigurationReference = D7F55090A52C6B194A72E6EC /* Pods-StreamrootIntegrationApp.debug.xcconfig */;
			buildSettings = {
				ALWAYS_EMBED_SWIFT_STANDARD_LIBRARIES = YES;
				ASSETCATALOG_COMPILER_APPICON_NAME = AppIcon;
				CODE_SIGN_STYLE = Automatic;
				DEVELOPMENT_TEAM = JCUPRVKEC5;
				INFOPLIST_FILE = StreamrootIntegrationApp/Info.plist;
				IPHONEOS_DEPLOYMENT_TARGET = 9.0;
				LD_RUNPATH_SEARCH_PATHS = (
					"$(inherited)",
					"@executable_path/Frameworks",
				);
				PRODUCT_BUNDLE_IDENTIFIER = com.emp.StreamrootIntegrationApp;
				PRODUCT_NAME = "$(TARGET_NAME)";
				SWIFT_VERSION = 4.0;
				TARGETED_DEVICE_FAMILY = "1,2";
			};
			name = Debug;
		};
		7683FC91214AA89B0005149E /* Release */ = {
			isa = XCBuildConfiguration;
			baseConfigurationReference = D97CDE65AED154CD17B98C75 /* Pods-StreamrootIntegrationApp.release.xcconfig */;
			buildSettings = {
				ALWAYS_EMBED_SWIFT_STANDARD_LIBRARIES = YES;
				ASSETCATALOG_COMPILER_APPICON_NAME = AppIcon;
				CODE_SIGN_STYLE = Automatic;
				DEVELOPMENT_TEAM = JCUPRVKEC5;
				INFOPLIST_FILE = StreamrootIntegrationApp/Info.plist;
				IPHONEOS_DEPLOYMENT_TARGET = 9.0;
				LD_RUNPATH_SEARCH_PATHS = (
					"$(inherited)",
					"@executable_path/Frameworks",
				);
				PRODUCT_BUNDLE_IDENTIFIER = com.emp.StreamrootIntegrationApp;
				PRODUCT_NAME = "$(TARGET_NAME)";
				SWIFT_VERSION = 4.0;
				TARGETED_DEVICE_FAMILY = "1,2";
			};
			name = Release;
		};
		7683FCC9214F9CBB0005149E /* Debug */ = {
			isa = XCBuildConfiguration;
			baseConfigurationReference = 61C71A8D04B679B5474C1EEA /* Pods-StreamrootIntegrationTvOSApp.debug.xcconfig */;
			buildSettings = {
				ALWAYS_EMBED_SWIFT_STANDARD_LIBRARIES = YES;
				ASSETCATALOG_COMPILER_APPICON_NAME = "App Icon & Top Shelf Image";
				ASSETCATALOG_COMPILER_LAUNCHIMAGE_NAME = LaunchImage;
				CODE_SIGN_STYLE = Automatic;
				DEVELOPMENT_TEAM = JCUPRVKEC5;
				INFOPLIST_FILE = StreamrootIntegrationTvOSApp/Info.plist;
				LD_RUNPATH_SEARCH_PATHS = (
					"$(inherited)",
					"@executable_path/Frameworks",
				);
				PRODUCT_BUNDLE_IDENTIFIER = com.emp.StreamrootIntegrationApp;
				PRODUCT_NAME = "$(TARGET_NAME)";
				SDKROOT = appletvos;
				SWIFT_VERSION = 4.0;
				TARGETED_DEVICE_FAMILY = 3;
				TVOS_DEPLOYMENT_TARGET = 10.2;
			};
			name = Debug;
		};
		7683FCCA214F9CBB0005149E /* Release */ = {
			isa = XCBuildConfiguration;
			baseConfigurationReference = A91666A165876A43C1F43B01 /* Pods-StreamrootIntegrationTvOSApp.release.xcconfig */;
			buildSettings = {
				ALWAYS_EMBED_SWIFT_STANDARD_LIBRARIES = YES;
				ASSETCATALOG_COMPILER_APPICON_NAME = "App Icon & Top Shelf Image";
				ASSETCATALOG_COMPILER_LAUNCHIMAGE_NAME = LaunchImage;
				CODE_SIGN_STYLE = Automatic;
				DEVELOPMENT_TEAM = JCUPRVKEC5;
				INFOPLIST_FILE = StreamrootIntegrationTvOSApp/Info.plist;
				LD_RUNPATH_SEARCH_PATHS = (
					"$(inherited)",
					"@executable_path/Frameworks",
				);
				PRODUCT_BUNDLE_IDENTIFIER = com.emp.StreamrootIntegrationApp;
				PRODUCT_NAME = "$(TARGET_NAME)";
				SDKROOT = appletvos;
				SWIFT_VERSION = 4.0;
				TARGETED_DEVICE_FAMILY = 3;
				TVOS_DEPLOYMENT_TARGET = 10.2;
			};
			name = Release;
		};
		76AFFEE62146844D00402BA2 /* Debug */ = {
			isa = XCBuildConfiguration;
			buildSettings = {
				ALWAYS_SEARCH_USER_PATHS = NO;
				CLANG_ANALYZER_NONNULL = YES;
				CLANG_ANALYZER_NUMBER_OBJECT_CONVERSION = YES_AGGRESSIVE;
				CLANG_CXX_LANGUAGE_STANDARD = "gnu++14";
				CLANG_CXX_LIBRARY = "libc++";
				CLANG_ENABLE_MODULES = YES;
				CLANG_ENABLE_OBJC_ARC = YES;
				CLANG_ENABLE_OBJC_WEAK = YES;
				CLANG_WARN_BLOCK_CAPTURE_AUTORELEASING = YES;
				CLANG_WARN_BOOL_CONVERSION = YES;
				CLANG_WARN_COMMA = YES;
				CLANG_WARN_CONSTANT_CONVERSION = YES;
				CLANG_WARN_DEPRECATED_OBJC_IMPLEMENTATIONS = YES;
				CLANG_WARN_DIRECT_OBJC_ISA_USAGE = YES_ERROR;
				CLANG_WARN_DOCUMENTATION_COMMENTS = YES;
				CLANG_WARN_EMPTY_BODY = YES;
				CLANG_WARN_ENUM_CONVERSION = YES;
				CLANG_WARN_INFINITE_RECURSION = YES;
				CLANG_WARN_INT_CONVERSION = YES;
				CLANG_WARN_NON_LITERAL_NULL_CONVERSION = YES;
				CLANG_WARN_OBJC_IMPLICIT_RETAIN_SELF = YES;
				CLANG_WARN_OBJC_LITERAL_CONVERSION = YES;
				CLANG_WARN_OBJC_ROOT_CLASS = YES_ERROR;
				CLANG_WARN_RANGE_LOOP_ANALYSIS = YES;
				CLANG_WARN_STRICT_PROTOTYPES = YES;
				CLANG_WARN_SUSPICIOUS_MOVE = YES;
				CLANG_WARN_UNGUARDED_AVAILABILITY = YES_AGGRESSIVE;
				CLANG_WARN_UNREACHABLE_CODE = YES;
				CLANG_WARN__DUPLICATE_METHOD_MATCH = YES;
				CODE_SIGN_IDENTITY = "iPhone Developer";
				COPY_PHASE_STRIP = NO;
				CURRENT_PROJECT_VERSION = 10;
				DEBUG_INFORMATION_FORMAT = dwarf;
				ENABLE_STRICT_OBJC_MSGSEND = YES;
				ENABLE_TESTABILITY = YES;
				GCC_C_LANGUAGE_STANDARD = gnu11;
				GCC_DYNAMIC_NO_PIC = NO;
				GCC_NO_COMMON_BLOCKS = YES;
				GCC_OPTIMIZATION_LEVEL = 0;
				GCC_PREPROCESSOR_DEFINITIONS = (
					"DEBUG=1",
					"$(inherited)",
				);
				GCC_WARN_64_TO_32_BIT_CONVERSION = YES;
				GCC_WARN_ABOUT_RETURN_TYPE = YES_ERROR;
				GCC_WARN_UNDECLARED_SELECTOR = YES;
				GCC_WARN_UNINITIALIZED_AUTOS = YES_AGGRESSIVE;
				GCC_WARN_UNUSED_FUNCTION = YES;
				GCC_WARN_UNUSED_VARIABLE = YES;
				IPHONEOS_DEPLOYMENT_TARGET = 11.4;
				MTL_ENABLE_DEBUG_INFO = YES;
				ONLY_ACTIVE_ARCH = YES;
				SDKROOT = iphoneos;
				SWIFT_ACTIVE_COMPILATION_CONDITIONS = DEBUG;
				SWIFT_OPTIMIZATION_LEVEL = "-Onone";
				VERSIONING_SYSTEM = "apple-generic";
				VERSION_INFO_PREFIX = "";
			};
			name = Debug;
		};
		76AFFEE72146844D00402BA2 /* Release */ = {
			isa = XCBuildConfiguration;
			buildSettings = {
				ALWAYS_SEARCH_USER_PATHS = NO;
				CLANG_ANALYZER_NONNULL = YES;
				CLANG_ANALYZER_NUMBER_OBJECT_CONVERSION = YES_AGGRESSIVE;
				CLANG_CXX_LANGUAGE_STANDARD = "gnu++14";
				CLANG_CXX_LIBRARY = "libc++";
				CLANG_ENABLE_MODULES = YES;
				CLANG_ENABLE_OBJC_ARC = YES;
				CLANG_ENABLE_OBJC_WEAK = YES;
				CLANG_WARN_BLOCK_CAPTURE_AUTORELEASING = YES;
				CLANG_WARN_BOOL_CONVERSION = YES;
				CLANG_WARN_COMMA = YES;
				CLANG_WARN_CONSTANT_CONVERSION = YES;
				CLANG_WARN_DEPRECATED_OBJC_IMPLEMENTATIONS = YES;
				CLANG_WARN_DIRECT_OBJC_ISA_USAGE = YES_ERROR;
				CLANG_WARN_DOCUMENTATION_COMMENTS = YES;
				CLANG_WARN_EMPTY_BODY = YES;
				CLANG_WARN_ENUM_CONVERSION = YES;
				CLANG_WARN_INFINITE_RECURSION = YES;
				CLANG_WARN_INT_CONVERSION = YES;
				CLANG_WARN_NON_LITERAL_NULL_CONVERSION = YES;
				CLANG_WARN_OBJC_IMPLICIT_RETAIN_SELF = YES;
				CLANG_WARN_OBJC_LITERAL_CONVERSION = YES;
				CLANG_WARN_OBJC_ROOT_CLASS = YES_ERROR;
				CLANG_WARN_RANGE_LOOP_ANALYSIS = YES;
				CLANG_WARN_STRICT_PROTOTYPES = YES;
				CLANG_WARN_SUSPICIOUS_MOVE = YES;
				CLANG_WARN_UNGUARDED_AVAILABILITY = YES_AGGRESSIVE;
				CLANG_WARN_UNREACHABLE_CODE = YES;
				CLANG_WARN__DUPLICATE_METHOD_MATCH = YES;
				CODE_SIGN_IDENTITY = "iPhone Developer";
				COPY_PHASE_STRIP = NO;
				CURRENT_PROJECT_VERSION = 10;
				DEBUG_INFORMATION_FORMAT = "dwarf-with-dsym";
				ENABLE_NS_ASSERTIONS = NO;
				ENABLE_STRICT_OBJC_MSGSEND = YES;
				GCC_C_LANGUAGE_STANDARD = gnu11;
				GCC_NO_COMMON_BLOCKS = YES;
				GCC_WARN_64_TO_32_BIT_CONVERSION = YES;
				GCC_WARN_ABOUT_RETURN_TYPE = YES_ERROR;
				GCC_WARN_UNDECLARED_SELECTOR = YES;
				GCC_WARN_UNINITIALIZED_AUTOS = YES_AGGRESSIVE;
				GCC_WARN_UNUSED_FUNCTION = YES;
				GCC_WARN_UNUSED_VARIABLE = YES;
				IPHONEOS_DEPLOYMENT_TARGET = 11.4;
				MTL_ENABLE_DEBUG_INFO = NO;
				SDKROOT = iphoneos;
				SWIFT_COMPILATION_MODE = wholemodule;
				SWIFT_OPTIMIZATION_LEVEL = "-O";
				VALIDATE_PRODUCT = YES;
				VERSIONING_SYSTEM = "apple-generic";
				VERSION_INFO_PREFIX = "";
			};
			name = Release;
		};
		76AFFEE92146844D00402BA2 /* Debug */ = {
			isa = XCBuildConfiguration;
			baseConfigurationReference = C509EB9DE37796280E8FF976 /* Pods-ExposureStreamrootIntegration-iOS.debug.xcconfig */;
			buildSettings = {
				CLANG_ENABLE_MODULES = YES;
				CODE_SIGN_IDENTITY = "";
				CODE_SIGN_STYLE = Automatic;
				DEFINES_MODULE = YES;
				DEVELOPMENT_TEAM = JCUPRVKEC5;
				DYLIB_COMPATIBILITY_VERSION = 1;
				DYLIB_CURRENT_VERSION = 10;
				DYLIB_INSTALL_NAME_BASE = "@rpath";
				FRAMEWORK_SEARCH_PATHS = (
					"$(inherited)",
					"$(PROJECT_DIR)/Carthage/Build/iOS",
					"$(PROJECT_DIR)/Pods/StreamrootSDK/Carthage/Build/iOS",
				);
				INFOPLIST_FILE = ExposureStreamrootIntegration/Info.plist;
				INSTALL_PATH = "$(LOCAL_LIBRARY_DIR)/Frameworks";
				IPHONEOS_DEPLOYMENT_TARGET = 9.0;
				LD_RUNPATH_SEARCH_PATHS = (
					"$(inherited)",
					"@executable_path/Frameworks",
					"@loader_path/Frameworks",
				);
				PRODUCT_BUNDLE_IDENTIFIER = com.emp.ExposureStreamrootIntegration;
				PRODUCT_NAME = ExposureStreamrootIntegration;
				SKIP_INSTALL = YES;
				SWIFT_OPTIMIZATION_LEVEL = "-Onone";
				SWIFT_VERSION = 4.0;
				TARGETED_DEVICE_FAMILY = "1,2";
			};
			name = Debug;
		};
		76AFFEEA2146844D00402BA2 /* Release */ = {
			isa = XCBuildConfiguration;
			baseConfigurationReference = 2BA76AC16380FFD9904FB088 /* Pods-ExposureStreamrootIntegration-iOS.release.xcconfig */;
			buildSettings = {
				CLANG_ENABLE_MODULES = YES;
				CODE_SIGN_IDENTITY = "";
				CODE_SIGN_STYLE = Automatic;
				DEFINES_MODULE = YES;
				DEVELOPMENT_TEAM = JCUPRVKEC5;
				DYLIB_COMPATIBILITY_VERSION = 1;
				DYLIB_CURRENT_VERSION = 10;
				DYLIB_INSTALL_NAME_BASE = "@rpath";
				FRAMEWORK_SEARCH_PATHS = (
					"$(inherited)",
					"$(PROJECT_DIR)/Carthage/Build/iOS",
					"$(PROJECT_DIR)/Pods/StreamrootSDK/Carthage/Build/iOS",
				);
				INFOPLIST_FILE = ExposureStreamrootIntegration/Info.plist;
				INSTALL_PATH = "$(LOCAL_LIBRARY_DIR)/Frameworks";
				IPHONEOS_DEPLOYMENT_TARGET = 9.0;
				LD_RUNPATH_SEARCH_PATHS = (
					"$(inherited)",
					"@executable_path/Frameworks",
					"@loader_path/Frameworks",
				);
				PRODUCT_BUNDLE_IDENTIFIER = com.emp.ExposureStreamrootIntegration;
				PRODUCT_NAME = ExposureStreamrootIntegration;
				SKIP_INSTALL = YES;
				SWIFT_VERSION = 4.0;
				TARGETED_DEVICE_FAMILY = "1,2";
			};
			name = Release;
		};
		76AFFEEC2146844D00402BA2 /* Debug */ = {
			isa = XCBuildConfiguration;
			baseConfigurationReference = AF53D2C9A4642950640ABEA8 /* Pods-ExposureStreamrootIntegrationTests.debug.xcconfig */;
			buildSettings = {
				ALWAYS_EMBED_SWIFT_STANDARD_LIBRARIES = YES;
				CODE_SIGN_STYLE = Automatic;
				DEVELOPMENT_TEAM = JCUPRVKEC5;
				FRAMEWORK_SEARCH_PATHS = (
					"$(inherited)",
					"$(PROJECT_DIR)/Carthage/Build/iOS",
				);
				INFOPLIST_FILE = ExposureStreamrootIntegrationTests/Info.plist;
				LD_RUNPATH_SEARCH_PATHS = (
					"$(inherited)",
					"@executable_path/Frameworks",
					"@loader_path/Frameworks",
				);
				PRODUCT_BUNDLE_IDENTIFIER = com.emp.ExposureStreamrootIntegrationTests;
				PRODUCT_NAME = "$(TARGET_NAME)";
				SWIFT_VERSION = 4.0;
				TARGETED_DEVICE_FAMILY = "1,2";
			};
			name = Debug;
		};
		76AFFEED2146844D00402BA2 /* Release */ = {
			isa = XCBuildConfiguration;
			baseConfigurationReference = FE431737E8B05AC021FCDCCE /* Pods-ExposureStreamrootIntegrationTests.release.xcconfig */;
			buildSettings = {
				ALWAYS_EMBED_SWIFT_STANDARD_LIBRARIES = YES;
				CODE_SIGN_STYLE = Automatic;
				DEVELOPMENT_TEAM = JCUPRVKEC5;
				FRAMEWORK_SEARCH_PATHS = (
					"$(inherited)",
					"$(PROJECT_DIR)/Carthage/Build/iOS",
				);
				INFOPLIST_FILE = ExposureStreamrootIntegrationTests/Info.plist;
				LD_RUNPATH_SEARCH_PATHS = (
					"$(inherited)",
					"@executable_path/Frameworks",
					"@loader_path/Frameworks",
				);
				PRODUCT_BUNDLE_IDENTIFIER = com.emp.ExposureStreamrootIntegrationTests;
				PRODUCT_NAME = "$(TARGET_NAME)";
				SWIFT_VERSION = 4.0;
				TARGETED_DEVICE_FAMILY = "1,2";
			};
			name = Release;
		};
		76AFFF3D2147B3B100402BA2 /* Debug */ = {
			isa = XCBuildConfiguration;
			baseConfigurationReference = 257E6EF52376E9D23D6E2883 /* Pods-ExposureStreamrootIntegration-tvOS.debug.xcconfig */;
			buildSettings = {
				CLANG_ENABLE_MODULES = YES;
				CODE_SIGN_IDENTITY = "";
				CODE_SIGN_STYLE = Automatic;
				DEFINES_MODULE = YES;
				DEVELOPMENT_TEAM = JCUPRVKEC5;
				DYLIB_COMPATIBILITY_VERSION = 1;
				DYLIB_CURRENT_VERSION = 10;
				DYLIB_INSTALL_NAME_BASE = "@rpath";
				FRAMEWORK_SEARCH_PATHS = (
					"$(inherited)",
					"$(PROJECT_DIR)/Carthage/Build/tvOS",
				);
				INFOPLIST_FILE = ExposureStreamrootIntegration/Info.plist;
				INSTALL_PATH = "$(LOCAL_LIBRARY_DIR)/Frameworks";
				LD_RUNPATH_SEARCH_PATHS = (
					"$(inherited)",
					"@executable_path/Frameworks",
					"@loader_path/Frameworks",
				);
				PRODUCT_BUNDLE_IDENTIFIER = com.emp.ExposureStreamrootIntegration;
				PRODUCT_NAME = ExposureStreamrootIntegration;
				SDKROOT = appletvos;
				SKIP_INSTALL = YES;
				SWIFT_OPTIMIZATION_LEVEL = "-Onone";
				SWIFT_VERSION = 4.0;
				TARGETED_DEVICE_FAMILY = 3;
				TVOS_DEPLOYMENT_TARGET = 10.2;
			};
			name = Debug;
		};
		76AFFF3E2147B3B100402BA2 /* Release */ = {
			isa = XCBuildConfiguration;
			baseConfigurationReference = 33E308929D5F3EFF6FBD454C /* Pods-ExposureStreamrootIntegration-tvOS.release.xcconfig */;
			buildSettings = {
				CLANG_ENABLE_MODULES = YES;
				CODE_SIGN_IDENTITY = "";
				CODE_SIGN_STYLE = Automatic;
				DEFINES_MODULE = YES;
				DEVELOPMENT_TEAM = JCUPRVKEC5;
				DYLIB_COMPATIBILITY_VERSION = 1;
				DYLIB_CURRENT_VERSION = 10;
				DYLIB_INSTALL_NAME_BASE = "@rpath";
				FRAMEWORK_SEARCH_PATHS = (
					"$(inherited)",
					"$(PROJECT_DIR)/Carthage/Build/tvOS",
				);
				INFOPLIST_FILE = ExposureStreamrootIntegration/Info.plist;
				INSTALL_PATH = "$(LOCAL_LIBRARY_DIR)/Frameworks";
				LD_RUNPATH_SEARCH_PATHS = (
					"$(inherited)",
					"@executable_path/Frameworks",
					"@loader_path/Frameworks",
				);
				PRODUCT_BUNDLE_IDENTIFIER = com.emp.ExposureStreamrootIntegration;
				PRODUCT_NAME = ExposureStreamrootIntegration;
				SDKROOT = appletvos;
				SKIP_INSTALL = YES;
				SWIFT_VERSION = 4.0;
				TARGETED_DEVICE_FAMILY = 3;
				TVOS_DEPLOYMENT_TARGET = 10.2;
			};
			name = Release;
		};
		76AFFF3F2147B3B100402BA2 /* Debug */ = {
			isa = XCBuildConfiguration;
			baseConfigurationReference = B6D16FA79B6CB73EC58971A4 /* Pods-ExposureStreamrootIntegration-tvOSTests.debug.xcconfig */;
			buildSettings = {
				ALWAYS_EMBED_SWIFT_STANDARD_LIBRARIES = YES;
				CODE_SIGN_STYLE = Automatic;
				DEVELOPMENT_TEAM = JCUPRVKEC5;
				FRAMEWORK_SEARCH_PATHS = (
					"$(inherited)",
					"$(PROJECT_DIR)/Carthage/Build/tvOS",
				);
				INFOPLIST_FILE = ExposureStreamrootIntegrationTests/Info.plist;
				LD_RUNPATH_SEARCH_PATHS = (
					"$(inherited)",
					"@executable_path/Frameworks",
					"@loader_path/Frameworks",
				);
				PRODUCT_BUNDLE_IDENTIFIER = com.emp.ExposureStreamrootIntegration;
				PRODUCT_NAME = "$(TARGET_NAME)";
				SDKROOT = appletvos;
				SWIFT_VERSION = 4.0;
				TARGETED_DEVICE_FAMILY = 3;
				TVOS_DEPLOYMENT_TARGET = 11.4;
			};
			name = Debug;
		};
		76AFFF402147B3B100402BA2 /* Release */ = {
			isa = XCBuildConfiguration;
			baseConfigurationReference = E0730DA2100673F68BB731C3 /* Pods-ExposureStreamrootIntegration-tvOSTests.release.xcconfig */;
			buildSettings = {
				ALWAYS_EMBED_SWIFT_STANDARD_LIBRARIES = YES;
				CODE_SIGN_STYLE = Automatic;
				DEVELOPMENT_TEAM = JCUPRVKEC5;
				FRAMEWORK_SEARCH_PATHS = (
					"$(inherited)",
					"$(PROJECT_DIR)/Carthage/Build/tvOS",
				);
				INFOPLIST_FILE = ExposureStreamrootIntegrationTests/Info.plist;
				LD_RUNPATH_SEARCH_PATHS = (
					"$(inherited)",
					"@executable_path/Frameworks",
					"@loader_path/Frameworks",
				);
				PRODUCT_BUNDLE_IDENTIFIER = com.emp.ExposureStreamrootIntegration;
				PRODUCT_NAME = "$(TARGET_NAME)";
				SDKROOT = appletvos;
				SWIFT_VERSION = 4.0;
				TARGETED_DEVICE_FAMILY = 3;
				TVOS_DEPLOYMENT_TARGET = 11.4;
			};
			name = Release;
		};
/* End XCBuildConfiguration section */

/* Begin XCConfigurationList section */
		7683FC8F214AA89B0005149E /* Build configuration list for PBXNativeTarget "StreamrootIntegrationApp" */ = {
			isa = XCConfigurationList;
			buildConfigurations = (
				7683FC90214AA89B0005149E /* Debug */,
				7683FC91214AA89B0005149E /* Release */,
			);
			defaultConfigurationIsVisible = 0;
			defaultConfigurationName = Release;
		};
		7683FCCB214F9CBB0005149E /* Build configuration list for PBXNativeTarget "StreamrootIntegrationTvOSApp" */ = {
			isa = XCConfigurationList;
			buildConfigurations = (
				7683FCC9214F9CBB0005149E /* Debug */,
				7683FCCA214F9CBB0005149E /* Release */,
			);
			defaultConfigurationIsVisible = 0;
			defaultConfigurationName = Release;
		};
		76AFFECE2146844C00402BA2 /* Build configuration list for PBXProject "ExposureStreamrootIntegration" */ = {
			isa = XCConfigurationList;
			buildConfigurations = (
				76AFFEE62146844D00402BA2 /* Debug */,
				76AFFEE72146844D00402BA2 /* Release */,
			);
			defaultConfigurationIsVisible = 0;
			defaultConfigurationName = Release;
		};
		76AFFEE82146844D00402BA2 /* Build configuration list for PBXNativeTarget "ExposureStreamrootIntegration-iOS" */ = {
			isa = XCConfigurationList;
			buildConfigurations = (
				76AFFEE92146844D00402BA2 /* Debug */,
				76AFFEEA2146844D00402BA2 /* Release */,
			);
			defaultConfigurationIsVisible = 0;
			defaultConfigurationName = Release;
		};
		76AFFEEB2146844D00402BA2 /* Build configuration list for PBXNativeTarget "ExposureStreamrootIntegrationTests" */ = {
			isa = XCConfigurationList;
			buildConfigurations = (
				76AFFEEC2146844D00402BA2 /* Debug */,
				76AFFEED2146844D00402BA2 /* Release */,
			);
			defaultConfigurationIsVisible = 0;
			defaultConfigurationName = Release;
		};
		76AFFF412147B3B100402BA2 /* Build configuration list for PBXNativeTarget "ExposureStreamrootIntegration-tvOS" */ = {
			isa = XCConfigurationList;
			buildConfigurations = (
				76AFFF3D2147B3B100402BA2 /* Debug */,
				76AFFF3E2147B3B100402BA2 /* Release */,
			);
			defaultConfigurationIsVisible = 0;
			defaultConfigurationName = Release;
		};
		76AFFF422147B3B100402BA2 /* Build configuration list for PBXNativeTarget "ExposureStreamrootIntegration-tvOSTests" */ = {
			isa = XCConfigurationList;
			buildConfigurations = (
				76AFFF3F2147B3B100402BA2 /* Debug */,
				76AFFF402147B3B100402BA2 /* Release */,
			);
			defaultConfigurationIsVisible = 0;
			defaultConfigurationName = Release;
		};
/* End XCConfigurationList section */
	};
	rootObject = 76AFFECB2146844C00402BA2 /* Project object */;
}
